
Microsoft Visual Studio Solution File, Format Version 12.00
# Visual Studio Version 17
VisualStudioVersion = 17.9.34511.98
MinimumVisualStudioVersion = 10.0.40219.1
Project("{9A19103F-16F7-4668-BE54-9A1E7A4F7556}") = "NextUnit.Console.TestRunner", "Tools\NextUnit.Console.TestRunner\NextUnit.Console.TestRunner.csproj", "{E7EA5DBB-E61F-4EE1-AD1A-39FB2E0458A4}"
EndProject
Project("{2150E333-8FDC-42A3-9474-1A3956D46DE8}") = "Solution Items", "Solution Items", "{5D0E29D0-F2EE-4CBE-B4D9-449F3182B833}"
EndProject
Project("{9A19103F-16F7-4668-BE54-9A1E7A4F7556}") = "NextUnit.TestRunner.Tests", "Tests\FrameworkTests\NextUnit.TestRunner.Tests\NextUnit.TestRunner.Tests.csproj", "{E28E9D04-92D9-4DC9-9D45-E8266FFE74F8}"
EndProject
Project("{9A19103F-16F7-4668-BE54-9A1E7A4F7556}") = "AutoFixture.NextUnit", "AutoFixture.NextUnit\AutoFixture.NextUnit.csproj", "{5864F0B4-5202-4480-A92E-37F3FD4915DB}"
EndProject
Project("{9A19103F-16F7-4668-BE54-9A1E7A4F7556}") = "NextUnit.Core", "NextUnit.Core\NextUnit.Core.csproj", "{B4C8D5A4-0F72-43E8-92F9-A1BD8B78CF60}"
EndProject
Project("{9A19103F-16F7-4668-BE54-9A1E7A4F7556}") = "NextUnit.CodeCoverage", "NextUnit.CodeCoverage\NextUnit.CodeCoverage.csproj", "{7AA97FE2-D5B2-43AF-9423-29A45EDE8EEB}"
EndProject
Project("{9A19103F-16F7-4668-BE54-9A1E7A4F7556}") = "NexUnit.TestDataGenerator", "NexUnit.TestDataGenerator\NexUnit.TestDataGenerator.csproj", "{CCEB584C-4556-4BF9-B276-792D471A29BB}"
EndProject
Project("{9A19103F-16F7-4668-BE54-9A1E7A4F7556}") = "NextUnit.Autofixture.AutoMoq.Core", "NextUnit.Autofixture.AutoMoq.Core\NextUnit.Autofixture.AutoMoq.Core.csproj", "{D83CC2FB-4C30-41ED-B386-032C2A35DE5A}"
EndProject
Project("{9A19103F-16F7-4668-BE54-9A1E7A4F7556}") = "NextUnit.CodeCoverage.Tests", "Tests\FrameworkTests\NextUnit.CodeCoverage.Tests\NextUnit.CodeCoverage.Tests.csproj", "{1CEBAC9B-E1D8-46A5-BAA0-A5427EAA062C}"
EndProject
Project("{9A19103F-16F7-4668-BE54-9A1E7A4F7556}") = "NextUnit.Compiler", "NextUnit.Compiler\NextUnit.Compiler.csproj", "{706B49E3-4629-40A6-B5A9-9384B87DD9C2}"
EndProject
Project("{2150E333-8FDC-42A3-9474-1A3956D46DE8}") = "Tests", "Tests", "{7042FCC0-1B68-4E85-83B6-83BF0BDCE11C}"
EndProject
Project("{9A19103F-16F7-4668-BE54-9A1E7A4F7556}") = "NextUnit.TestAdapter.Tests", "Tests\FrameworkTests\NextUnit.TestAdapter.Tests\NextUnit.TestAdapter.Tests.csproj", "{F3649973-55F8-45BF-965E-95EE2E7E8BDB}"
EndProject
Project("{9A19103F-16F7-4668-BE54-9A1E7A4F7556}") = "AutoFixture.NextUnit.Tests", "Tests\FrameworkTests\AutoFixture.NextUnit.Tests\AutoFixture.NextUnit.Tests.csproj", "{40DE88E7-C02D-4587-BD5D-63450DED1737}"
EndProject
Project("{9A19103F-16F7-4668-BE54-9A1E7A4F7556}") = "NextUnit.AutoFixture.AutoMoq.Core.Tests", "Tests\FrameworkTests\NextUnit.AutoFixture.AutoMoq.Core.Tests\NextUnit.AutoFixture.AutoMoq.Core.Tests.csproj", "{F9039173-70F5-4E7D-BAD6-77B7FB1B91F1}"
EndProject
Project("{9A19103F-16F7-4668-BE54-9A1E7A4F7556}") = "NextUnit.Compiler.Tests", "Tests\FrameworkTests\NextUnit.Compiler.Tests\NextUnit.Compiler.Tests.csproj", "{B7D42C29-14C8-4E9B-A44A-C7268961A49A}"
EndProject
Project("{9A19103F-16F7-4668-BE54-9A1E7A4F7556}") = "NextUnit.Core.Tests", "Tests\FrameworkTests\NextUnit.Core.Tests\NextUnit.Core.Tests.csproj", "{2FAE2216-8186-4C4E-8FDA-D44F7AD4B197}"
EndProject
Project("{9A19103F-16F7-4668-BE54-9A1E7A4F7556}") = "NextUnit.HardwareContext.Tests", "Tests\FrameworkTests\NextUnit.HardwareContext.Tests\NextUnit.HardwareContext.Tests.csproj", "{EEE5BDC6-08D8-47BF-A824-907CF63B34A4}"
EndProject
Project("{9A19103F-16F7-4668-BE54-9A1E7A4F7556}") = "NextUnit.TestDataGenerator.Tests", "Tests\FrameworkTests\NextUnit.TestDataGenerator.Tests\NextUnit.TestDataGenerator.Tests.csproj", "{CB4A9F13-792E-4307-8614-F0527C8D6F36}"
EndProject
Project("{9A19103F-16F7-4668-BE54-9A1E7A4F7556}") = "NextUnit.TestGenerator", "Tools\NextUnit.TestGenerator\NextUnit.TestGenerator.csproj", "{98B20367-DB4C-4F6F-8915-8C2BEA8CDBAB}"
EndProject
Project("{9A19103F-16F7-4668-BE54-9A1E7A4F7556}") = "NextUnit.TestGenerator.Tests", "Tests\FrameworkTests\NextUnit.TestGenerator.Tests\NextUnit.TestGenerator.Tests.csproj", "{A6113827-7D03-48CD-A128-5ADC6C5BEB8B}"
EndProject
Project("{9A19103F-16F7-4668-BE54-9A1E7A4F7556}") = "NextUnit.ConsoleTools", "Tools\NextUnit.ConsoleTools\NextUnit.ConsoleTools.csproj", "{BFD21106-5BE9-4D92-9929-C0F45350806A}"
EndProject
Project("{2150E333-8FDC-42A3-9474-1A3956D46DE8}") = "FrameworkTests", "FrameworkTests", "{6F8DB15B-8DEF-4419-9ABE-072E89DB984E}"
EndProject
Project("{2150E333-8FDC-42A3-9474-1A3956D46DE8}") = "CommonTests", "CommonTests", "{5C7AB842-BF4A-4231-8440-E77E42C6313E}"
EndProject
Project("{9A19103F-16F7-4668-BE54-9A1E7A4F7556}") = "NextUnit.CommonTests", "Tests\CommonTests\NextUnit.CommonTests\NextUnit.CommonTests.csproj", "{0B34CD78-391B-4B7D-ADA8-DB5F6CDD685C}"
EndProject
Project("{9A19103F-16F7-4668-BE54-9A1E7A4F7556}") = "NextUnit.TestRunner", "NextUnit.TestRunner\NextUnit.TestRunner.csproj", "{BC364FC8-58DF-4F6F-98CF-916447555BDB}"
EndProject
Project("{9A19103F-16F7-4668-BE54-9A1E7A4F7556}") = "NextUnit.FileSourcesParser", "FileSourcesParser\NextUnit.FileSourcesParser.csproj", "{D170E361-46FE-4D6E-83EB-E5EA4187BE40}"
EndProject
Project("{9A19103F-16F7-4668-BE54-9A1E7A4F7556}") = "NextUnit.AssemblyReader", "NextUnit.AssemblyReader\NextUnit.AssemblyReader.csproj", "{748912A3-BE51-4237-B147-F9586E4002E0}"
EndProject
Project("{9A19103F-16F7-4668-BE54-9A1E7A4F7556}") = "NextUnit.Fuzzer", "NextUnit.Fuzzer\NextUnit.Fuzzer.csproj", "{A2DC1A5B-9BDD-4A84-853D-0D2F082A41ED}"
EndProject
Project("{9A19103F-16F7-4668-BE54-9A1E7A4F7556}") = "NextUnit.VisualStudioIntegration", "NextUnit.VisualStudioIntegration\NextUnit.VisualStudioIntegration.csproj", "{B0D921CE-567A-41FF-B459-CE87B801399F}"
EndProject
Project("{9A19103F-16F7-4668-BE54-9A1E7A4F7556}") = "NextUnit.PDBReader.Tests", "Tests\FrameworkTests\NextUnit.PDBReader.Tests\NextUnit.PDBReader.Tests.csproj", "{2A15A767-989F-404C-A927-C054E2D2355B}"
EndProject
Project("{9A19103F-16F7-4668-BE54-9A1E7A4F7556}") = "NextUnit.VisualStudioIntegration.Tests", "Tests\ExtensionsTests\NextUnit.VisualStudioIntegration.Tests\NextUnit.VisualStudioIntegration.Tests.csproj", "{B19F6FCC-09E8-4E95-BF77-742F6F82B5C2}"
EndProject
Project("{9A19103F-16F7-4668-BE54-9A1E7A4F7556}") = "NextUnit.InstantTests", "Tests\FrameworkTests\NextUnit.Instant.Tests\NextUnit.InstantTests.csproj", "{65AD7E8B-BCF8-4F23-8A4B-B58B860ED9D4}"
EndProject
Project("{9A19103F-16F7-4668-BE54-9A1E7A4F7556}") = "NextUnit.InstantTests.Tests", "Tests\FrameworkTests\NextUnit.InstanceTests.Tests\NextUnit.InstantTests.Tests.csproj", "{00D9716D-6285-439F-A8CE-8584ECC775F1}"
EndProject
Project("{FAE04EC0-301F-11D3-BF4B-00C04F79EFBC}") = "NextUnit.VisualStudioExtension", "Extensions\NextUnit.VisualStudioExtension\NextUnit.VisualStudioExtension.csproj", "{8214ED35-A562-4552-B7AF-35000CE7CADB}"
EndProject
Project("{2150E333-8FDC-42A3-9474-1A3956D46DE8}") = "IntegrationTests", "IntegrationTests", "{DD8A5263-0F63-4F92-A9B8-86641A027153}"
EndProject
Project("{9A19103F-16F7-4668-BE54-9A1E7A4F7556}") = "NextUnit.TestMethodCompleteness", "Tools\NextUnit.TestMethodCompleteness\TestMethodCompleteness\NextUnit.TestMethodCompleteness.csproj", "{701AE9EA-EDA1-41DA-B018-39C944D0ED5C}"
EndProject
Project("{9A19103F-16F7-4668-BE54-9A1E7A4F7556}") = "NextUnit.IntegrationTests", "Tests\IntegrationTests\NextUnit.IntegrationTests\NextUnit.IntegrationTests.csproj", "{3A59F0A5-E5FD-4C18-9A5A-01EC68CD5047}"
EndProject
Project("{9A19103F-16F7-4668-BE54-9A1E7A4F7556}") = "NextUnit.Report", "NextUnit.Report\NextUnit.Report.csproj", "{3D9BBADB-8DAB-4032-A9C6-1B45F388A72A}"
EndProject
Project("{9A19103F-16F7-4668-BE54-9A1E7A4F7556}") = "NextUnit.TestMethodCompletionDetector", "NextUnit.TestMethodCompletionDetector\NextUnit.TestMethodCompletionDetector.csproj", "{DB33E6DA-C9F1-4AC3-9FCE-0DFE8AFCA419}"
EndProject
Project("{9A19103F-16F7-4668-BE54-9A1E7A4F7556}") = "NextUnit.CoverageConverter", "Tools\NextUnit.CoverageConverter\NextUnit.CoverageConverter.csproj", "{B8A2E767-E993-4B1A-801C-4CE7AF66DCBA}"
EndProject
Project("{9A19103F-16F7-4668-BE54-9A1E7A4F7556}") = "NextUnit.VSPath", "Tools\NextUnit.VSPath\NextUnit.VSPath.csproj", "{CB9A88FA-5370-4C1A-AC95-2854164CC122}"
EndProject
Project("{2150E333-8FDC-42A3-9474-1A3956D46DE8}") = "Tools", "Tools", "{FF699F08-E6E2-40F9-9B78-B11883C6B363}"
EndProject
Project("{2150E333-8FDC-42A3-9474-1A3956D46DE8}") = "ToolTests", "ToolTests", "{A9E09E41-8344-4EE7-B2BD-C2E8E75F40F9}"
EndProject
Project("{9A19103F-16F7-4668-BE54-9A1E7A4F7556}") = "NextUnit.TestMethodCompletionDetector.Tests", "Tests\ToolTests\NextUnit.TestMethodCompletionDetector.Test\NextUnit.TestMethodCompletionDetector.Tests.csproj", "{C3E28345-4029-4358-AFA0-88081C7D470B}"
EndProject
Project("{9A19103F-16F7-4668-BE54-9A1E7A4F7556}") = "NextUnit.TestCompletenessUI", "Tools\NextUnit.TestCompletenessUI\TestCompletenessUI\NextUnit.TestCompletenessUI.csproj", "{5FE77331-8222-4B53-9B1B-C87A638653D1}"
EndProject
Project("{9A19103F-16F7-4668-BE54-9A1E7A4F7556}") = "NextUnit.Benchmarking", "NextUnit.Benchmarking\NextUnit.Benchmarking.csproj", "{2E4C6A38-C445-4E01-8508-10465E54CA5F}"
EndProject
Project("{9A19103F-16F7-4668-BE54-9A1E7A4F7556}") = "NextUnit.UITesting", "NextUnit.UITesting\NextUnit.UITesting.csproj", "{EF64A816-A377-4572-B791-27F8477FB9FB}"
EndProject
Project("{9A19103F-16F7-4668-BE54-9A1E7A4F7556}") = "NextUnit.TestEnvironment", "NextUnit.TestEnvironment\NextUnit.TestEnvironment.csproj", "{F3E8DD43-0C11-4510-82E2-6E2886CE42D5}"
EndProject
Project("{9A19103F-16F7-4668-BE54-9A1E7A4F7556}") = "NextUnit.Benchmarking.Tests", "Tests\FrameworkTests\NextUnit.Benchmarking.Tests\NextUnit.Benchmarking.Tests.csproj", "{97FCFE5F-0CF2-4ABF-8B07-F2AC63917261}"
EndProject
Project("{9A19103F-16F7-4668-BE54-9A1E7A4F7556}") = "NextUnit.TestExplorerUI", "NextUnit.TestExplorerUI\NextUnit.TestExplorerUI.csproj", "{AD619D9D-898D-4DB5-A49B-46DCE3D8E5B1}"
EndProject
Project("{9A19103F-16F7-4668-BE54-9A1E7A4F7556}") = "NextUnit.TestExplorer", "NextUnit.TestExplorer\NextUnit.TestExplorer.csproj", "{64103708-FCCF-43E2-8938-2C7039B79984}"
EndProject
Project("{9A19103F-16F7-4668-BE54-9A1E7A4F7556}") = "NextUnit.HardwareContext", "NextUnit.HardwareContext\NextUnit.HardwareContext.csproj", "{06DD4ACD-5CE3-462A-BF6A-7DCE5584FD45}"
EndProject
Project("{9A19103F-16F7-4668-BE54-9A1E7A4F7556}") = "NextUnit.TestAdapter", "NextUnit.TestAdapter\NextUnit.TestAdapter.csproj", "{EA86D02B-0D60-48A3-B546-F44E2DD8B993}"
EndProject
Project("{2150E333-8FDC-42A3-9474-1A3956D46DE8}") = "ExtensionsTests", "ExtensionsTests", "{64AC90B8-8761-4C7F-9D73-A65D633E7014}"
EndProject
Project("{2150E333-8FDC-42A3-9474-1A3956D46DE8}") = "Examples", "Examples", "{535B0971-2258-48FE-BA42-7EA19CBD6806}"
EndProject
Project("{9A19103F-16F7-4668-BE54-9A1E7A4F7556}") = "Example", "Examples\Example\Example.csproj", "{E7466225-A69D-4479-8DF9-BA59A501C0F2}"
EndProject
Project("{9A19103F-16F7-4668-BE54-9A1E7A4F7556}") = "NextUnit.GetVersionsFromCsprojs", "Tools\NextUnit.GetVersionsFromCsprojsProofOfConcept\NextUnit.GetVersionsFromCsprojs.csproj", "{3A347DE2-0835-4D08-A098-F81F938CE04D}"
EndProject
Project("{9A19103F-16F7-4668-BE54-9A1E7A4F7556}") = "NextUnit.CreateTestStubsFromImplementedClassProofOfConcept", "Tools\NextUnit.CreateTestStubsFromImplementedClassProofOfConcept\NextUnit.CreateTestStubsFromImplementedClassProofOfConcept.csproj", "{8F4EC339-00F5-48A1-B076-559C547845CA}"
EndProject
Global
	GlobalSection(SolutionConfigurationPlatforms) = preSolution
		Debug|Any CPU = Debug|Any CPU
		Debug|arm64 = Debug|arm64
		Debug|x86 = Debug|x86
		Release|Any CPU = Release|Any CPU
		Release|arm64 = Release|arm64
		Release|x86 = Release|x86
	EndGlobalSection
	GlobalSection(ProjectConfigurationPlatforms) = postSolution
		{E7EA5DBB-E61F-4EE1-AD1A-39FB2E0458A4}.Debug|Any CPU.ActiveCfg = Debug|Any CPU
		{E7EA5DBB-E61F-4EE1-AD1A-39FB2E0458A4}.Debug|Any CPU.Build.0 = Debug|Any CPU
		{E7EA5DBB-E61F-4EE1-AD1A-39FB2E0458A4}.Debug|arm64.ActiveCfg = Debug|Any CPU
		{E7EA5DBB-E61F-4EE1-AD1A-39FB2E0458A4}.Debug|arm64.Build.0 = Debug|Any CPU
		{E7EA5DBB-E61F-4EE1-AD1A-39FB2E0458A4}.Debug|x86.ActiveCfg = Debug|Any CPU
		{E7EA5DBB-E61F-4EE1-AD1A-39FB2E0458A4}.Debug|x86.Build.0 = Debug|Any CPU
		{E7EA5DBB-E61F-4EE1-AD1A-39FB2E0458A4}.Release|Any CPU.ActiveCfg = Release|Any CPU
		{E7EA5DBB-E61F-4EE1-AD1A-39FB2E0458A4}.Release|Any CPU.Build.0 = Release|Any CPU
		{E7EA5DBB-E61F-4EE1-AD1A-39FB2E0458A4}.Release|arm64.ActiveCfg = Release|Any CPU
		{E7EA5DBB-E61F-4EE1-AD1A-39FB2E0458A4}.Release|arm64.Build.0 = Release|Any CPU
		{E7EA5DBB-E61F-4EE1-AD1A-39FB2E0458A4}.Release|x86.ActiveCfg = Release|Any CPU
		{E7EA5DBB-E61F-4EE1-AD1A-39FB2E0458A4}.Release|x86.Build.0 = Release|Any CPU
		{E28E9D04-92D9-4DC9-9D45-E8266FFE74F8}.Debug|Any CPU.ActiveCfg = Debug|Any CPU
		{E28E9D04-92D9-4DC9-9D45-E8266FFE74F8}.Debug|Any CPU.Build.0 = Debug|Any CPU
		{E28E9D04-92D9-4DC9-9D45-E8266FFE74F8}.Debug|arm64.ActiveCfg = Debug|Any CPU
		{E28E9D04-92D9-4DC9-9D45-E8266FFE74F8}.Debug|arm64.Build.0 = Debug|Any CPU
		{E28E9D04-92D9-4DC9-9D45-E8266FFE74F8}.Debug|x86.ActiveCfg = Debug|Any CPU
		{E28E9D04-92D9-4DC9-9D45-E8266FFE74F8}.Debug|x86.Build.0 = Debug|Any CPU
		{E28E9D04-92D9-4DC9-9D45-E8266FFE74F8}.Release|Any CPU.ActiveCfg = Release|Any CPU
		{E28E9D04-92D9-4DC9-9D45-E8266FFE74F8}.Release|Any CPU.Build.0 = Release|Any CPU
		{E28E9D04-92D9-4DC9-9D45-E8266FFE74F8}.Release|arm64.ActiveCfg = Release|Any CPU
		{E28E9D04-92D9-4DC9-9D45-E8266FFE74F8}.Release|arm64.Build.0 = Release|Any CPU
		{E28E9D04-92D9-4DC9-9D45-E8266FFE74F8}.Release|x86.ActiveCfg = Release|Any CPU
		{E28E9D04-92D9-4DC9-9D45-E8266FFE74F8}.Release|x86.Build.0 = Release|Any CPU
		{5864F0B4-5202-4480-A92E-37F3FD4915DB}.Debug|Any CPU.ActiveCfg = Debug|Any CPU
		{5864F0B4-5202-4480-A92E-37F3FD4915DB}.Debug|Any CPU.Build.0 = Debug|Any CPU
		{5864F0B4-5202-4480-A92E-37F3FD4915DB}.Debug|arm64.ActiveCfg = Debug|Any CPU
		{5864F0B4-5202-4480-A92E-37F3FD4915DB}.Debug|arm64.Build.0 = Debug|Any CPU
		{5864F0B4-5202-4480-A92E-37F3FD4915DB}.Debug|x86.ActiveCfg = Debug|Any CPU
		{5864F0B4-5202-4480-A92E-37F3FD4915DB}.Debug|x86.Build.0 = Debug|Any CPU
		{5864F0B4-5202-4480-A92E-37F3FD4915DB}.Release|Any CPU.ActiveCfg = Release|Any CPU
		{5864F0B4-5202-4480-A92E-37F3FD4915DB}.Release|Any CPU.Build.0 = Release|Any CPU
		{5864F0B4-5202-4480-A92E-37F3FD4915DB}.Release|arm64.ActiveCfg = Release|Any CPU
		{5864F0B4-5202-4480-A92E-37F3FD4915DB}.Release|arm64.Build.0 = Release|Any CPU
		{5864F0B4-5202-4480-A92E-37F3FD4915DB}.Release|x86.ActiveCfg = Release|Any CPU
		{5864F0B4-5202-4480-A92E-37F3FD4915DB}.Release|x86.Build.0 = Release|Any CPU
		{B4C8D5A4-0F72-43E8-92F9-A1BD8B78CF60}.Debug|Any CPU.ActiveCfg = Debug|Any CPU
		{B4C8D5A4-0F72-43E8-92F9-A1BD8B78CF60}.Debug|Any CPU.Build.0 = Debug|Any CPU
		{B4C8D5A4-0F72-43E8-92F9-A1BD8B78CF60}.Debug|arm64.ActiveCfg = Debug|Any CPU
		{B4C8D5A4-0F72-43E8-92F9-A1BD8B78CF60}.Debug|arm64.Build.0 = Debug|Any CPU
		{B4C8D5A4-0F72-43E8-92F9-A1BD8B78CF60}.Debug|x86.ActiveCfg = Debug|Any CPU
		{B4C8D5A4-0F72-43E8-92F9-A1BD8B78CF60}.Debug|x86.Build.0 = Debug|Any CPU
		{B4C8D5A4-0F72-43E8-92F9-A1BD8B78CF60}.Release|Any CPU.ActiveCfg = Release|Any CPU
		{B4C8D5A4-0F72-43E8-92F9-A1BD8B78CF60}.Release|Any CPU.Build.0 = Release|Any CPU
		{B4C8D5A4-0F72-43E8-92F9-A1BD8B78CF60}.Release|arm64.ActiveCfg = Release|Any CPU
		{B4C8D5A4-0F72-43E8-92F9-A1BD8B78CF60}.Release|arm64.Build.0 = Release|Any CPU
		{B4C8D5A4-0F72-43E8-92F9-A1BD8B78CF60}.Release|x86.ActiveCfg = Release|Any CPU
		{B4C8D5A4-0F72-43E8-92F9-A1BD8B78CF60}.Release|x86.Build.0 = Release|Any CPU
		{7AA97FE2-D5B2-43AF-9423-29A45EDE8EEB}.Debug|Any CPU.ActiveCfg = Debug|Any CPU
		{7AA97FE2-D5B2-43AF-9423-29A45EDE8EEB}.Debug|Any CPU.Build.0 = Debug|Any CPU
		{7AA97FE2-D5B2-43AF-9423-29A45EDE8EEB}.Debug|arm64.ActiveCfg = Debug|Any CPU
		{7AA97FE2-D5B2-43AF-9423-29A45EDE8EEB}.Debug|arm64.Build.0 = Debug|Any CPU
		{7AA97FE2-D5B2-43AF-9423-29A45EDE8EEB}.Debug|x86.ActiveCfg = Debug|Any CPU
		{7AA97FE2-D5B2-43AF-9423-29A45EDE8EEB}.Debug|x86.Build.0 = Debug|Any CPU
		{7AA97FE2-D5B2-43AF-9423-29A45EDE8EEB}.Release|Any CPU.ActiveCfg = Release|Any CPU
		{7AA97FE2-D5B2-43AF-9423-29A45EDE8EEB}.Release|Any CPU.Build.0 = Release|Any CPU
		{7AA97FE2-D5B2-43AF-9423-29A45EDE8EEB}.Release|arm64.ActiveCfg = Release|Any CPU
		{7AA97FE2-D5B2-43AF-9423-29A45EDE8EEB}.Release|arm64.Build.0 = Release|Any CPU
		{7AA97FE2-D5B2-43AF-9423-29A45EDE8EEB}.Release|x86.ActiveCfg = Release|Any CPU
		{7AA97FE2-D5B2-43AF-9423-29A45EDE8EEB}.Release|x86.Build.0 = Release|Any CPU
		{CCEB584C-4556-4BF9-B276-792D471A29BB}.Debug|Any CPU.ActiveCfg = Debug|Any CPU
		{CCEB584C-4556-4BF9-B276-792D471A29BB}.Debug|Any CPU.Build.0 = Debug|Any CPU
		{CCEB584C-4556-4BF9-B276-792D471A29BB}.Debug|arm64.ActiveCfg = Debug|Any CPU
		{CCEB584C-4556-4BF9-B276-792D471A29BB}.Debug|arm64.Build.0 = Debug|Any CPU
		{CCEB584C-4556-4BF9-B276-792D471A29BB}.Debug|x86.ActiveCfg = Debug|Any CPU
		{CCEB584C-4556-4BF9-B276-792D471A29BB}.Debug|x86.Build.0 = Debug|Any CPU
		{CCEB584C-4556-4BF9-B276-792D471A29BB}.Release|Any CPU.ActiveCfg = Release|Any CPU
		{CCEB584C-4556-4BF9-B276-792D471A29BB}.Release|Any CPU.Build.0 = Release|Any CPU
		{CCEB584C-4556-4BF9-B276-792D471A29BB}.Release|arm64.ActiveCfg = Release|Any CPU
		{CCEB584C-4556-4BF9-B276-792D471A29BB}.Release|arm64.Build.0 = Release|Any CPU
		{CCEB584C-4556-4BF9-B276-792D471A29BB}.Release|x86.ActiveCfg = Release|Any CPU
		{CCEB584C-4556-4BF9-B276-792D471A29BB}.Release|x86.Build.0 = Release|Any CPU
		{D83CC2FB-4C30-41ED-B386-032C2A35DE5A}.Debug|Any CPU.ActiveCfg = Debug|Any CPU
		{D83CC2FB-4C30-41ED-B386-032C2A35DE5A}.Debug|Any CPU.Build.0 = Debug|Any CPU
		{D83CC2FB-4C30-41ED-B386-032C2A35DE5A}.Debug|arm64.ActiveCfg = Debug|Any CPU
		{D83CC2FB-4C30-41ED-B386-032C2A35DE5A}.Debug|arm64.Build.0 = Debug|Any CPU
		{D83CC2FB-4C30-41ED-B386-032C2A35DE5A}.Debug|x86.ActiveCfg = Debug|Any CPU
		{D83CC2FB-4C30-41ED-B386-032C2A35DE5A}.Debug|x86.Build.0 = Debug|Any CPU
		{D83CC2FB-4C30-41ED-B386-032C2A35DE5A}.Release|Any CPU.ActiveCfg = Release|Any CPU
		{D83CC2FB-4C30-41ED-B386-032C2A35DE5A}.Release|Any CPU.Build.0 = Release|Any CPU
		{D83CC2FB-4C30-41ED-B386-032C2A35DE5A}.Release|arm64.ActiveCfg = Release|Any CPU
		{D83CC2FB-4C30-41ED-B386-032C2A35DE5A}.Release|arm64.Build.0 = Release|Any CPU
		{D83CC2FB-4C30-41ED-B386-032C2A35DE5A}.Release|x86.ActiveCfg = Release|Any CPU
		{D83CC2FB-4C30-41ED-B386-032C2A35DE5A}.Release|x86.Build.0 = Release|Any CPU
		{1CEBAC9B-E1D8-46A5-BAA0-A5427EAA062C}.Debug|Any CPU.ActiveCfg = Debug|Any CPU
		{1CEBAC9B-E1D8-46A5-BAA0-A5427EAA062C}.Debug|Any CPU.Build.0 = Debug|Any CPU
		{1CEBAC9B-E1D8-46A5-BAA0-A5427EAA062C}.Debug|arm64.ActiveCfg = Debug|Any CPU
		{1CEBAC9B-E1D8-46A5-BAA0-A5427EAA062C}.Debug|arm64.Build.0 = Debug|Any CPU
		{1CEBAC9B-E1D8-46A5-BAA0-A5427EAA062C}.Debug|x86.ActiveCfg = Debug|Any CPU
		{1CEBAC9B-E1D8-46A5-BAA0-A5427EAA062C}.Debug|x86.Build.0 = Debug|Any CPU
		{1CEBAC9B-E1D8-46A5-BAA0-A5427EAA062C}.Release|Any CPU.ActiveCfg = Release|Any CPU
		{1CEBAC9B-E1D8-46A5-BAA0-A5427EAA062C}.Release|Any CPU.Build.0 = Release|Any CPU
		{1CEBAC9B-E1D8-46A5-BAA0-A5427EAA062C}.Release|arm64.ActiveCfg = Release|Any CPU
		{1CEBAC9B-E1D8-46A5-BAA0-A5427EAA062C}.Release|arm64.Build.0 = Release|Any CPU
		{1CEBAC9B-E1D8-46A5-BAA0-A5427EAA062C}.Release|x86.ActiveCfg = Release|Any CPU
		{1CEBAC9B-E1D8-46A5-BAA0-A5427EAA062C}.Release|x86.Build.0 = Release|Any CPU
		{706B49E3-4629-40A6-B5A9-9384B87DD9C2}.Debug|Any CPU.ActiveCfg = Debug|Any CPU
		{706B49E3-4629-40A6-B5A9-9384B87DD9C2}.Debug|Any CPU.Build.0 = Debug|Any CPU
		{706B49E3-4629-40A6-B5A9-9384B87DD9C2}.Debug|arm64.ActiveCfg = Debug|Any CPU
		{706B49E3-4629-40A6-B5A9-9384B87DD9C2}.Debug|arm64.Build.0 = Debug|Any CPU
		{706B49E3-4629-40A6-B5A9-9384B87DD9C2}.Debug|x86.ActiveCfg = Debug|Any CPU
		{706B49E3-4629-40A6-B5A9-9384B87DD9C2}.Debug|x86.Build.0 = Debug|Any CPU
		{706B49E3-4629-40A6-B5A9-9384B87DD9C2}.Release|Any CPU.ActiveCfg = Release|Any CPU
		{706B49E3-4629-40A6-B5A9-9384B87DD9C2}.Release|Any CPU.Build.0 = Release|Any CPU
		{706B49E3-4629-40A6-B5A9-9384B87DD9C2}.Release|arm64.ActiveCfg = Release|Any CPU
		{706B49E3-4629-40A6-B5A9-9384B87DD9C2}.Release|arm64.Build.0 = Release|Any CPU
		{706B49E3-4629-40A6-B5A9-9384B87DD9C2}.Release|x86.ActiveCfg = Release|Any CPU
		{706B49E3-4629-40A6-B5A9-9384B87DD9C2}.Release|x86.Build.0 = Release|Any CPU
		{F3649973-55F8-45BF-965E-95EE2E7E8BDB}.Debug|Any CPU.ActiveCfg = Debug|Any CPU
		{F3649973-55F8-45BF-965E-95EE2E7E8BDB}.Debug|Any CPU.Build.0 = Debug|Any CPU
		{F3649973-55F8-45BF-965E-95EE2E7E8BDB}.Debug|arm64.ActiveCfg = Debug|Any CPU
		{F3649973-55F8-45BF-965E-95EE2E7E8BDB}.Debug|arm64.Build.0 = Debug|Any CPU
		{F3649973-55F8-45BF-965E-95EE2E7E8BDB}.Debug|x86.ActiveCfg = Debug|Any CPU
		{F3649973-55F8-45BF-965E-95EE2E7E8BDB}.Debug|x86.Build.0 = Debug|Any CPU
		{F3649973-55F8-45BF-965E-95EE2E7E8BDB}.Release|Any CPU.ActiveCfg = Release|Any CPU
		{F3649973-55F8-45BF-965E-95EE2E7E8BDB}.Release|Any CPU.Build.0 = Release|Any CPU
		{F3649973-55F8-45BF-965E-95EE2E7E8BDB}.Release|arm64.ActiveCfg = Release|Any CPU
		{F3649973-55F8-45BF-965E-95EE2E7E8BDB}.Release|arm64.Build.0 = Release|Any CPU
		{F3649973-55F8-45BF-965E-95EE2E7E8BDB}.Release|x86.ActiveCfg = Release|Any CPU
		{F3649973-55F8-45BF-965E-95EE2E7E8BDB}.Release|x86.Build.0 = Release|Any CPU
		{40DE88E7-C02D-4587-BD5D-63450DED1737}.Debug|Any CPU.ActiveCfg = Debug|Any CPU
		{40DE88E7-C02D-4587-BD5D-63450DED1737}.Debug|Any CPU.Build.0 = Debug|Any CPU
		{40DE88E7-C02D-4587-BD5D-63450DED1737}.Debug|arm64.ActiveCfg = Debug|Any CPU
		{40DE88E7-C02D-4587-BD5D-63450DED1737}.Debug|arm64.Build.0 = Debug|Any CPU
		{40DE88E7-C02D-4587-BD5D-63450DED1737}.Debug|x86.ActiveCfg = Debug|Any CPU
		{40DE88E7-C02D-4587-BD5D-63450DED1737}.Debug|x86.Build.0 = Debug|Any CPU
		{40DE88E7-C02D-4587-BD5D-63450DED1737}.Release|Any CPU.ActiveCfg = Release|Any CPU
		{40DE88E7-C02D-4587-BD5D-63450DED1737}.Release|Any CPU.Build.0 = Release|Any CPU
		{40DE88E7-C02D-4587-BD5D-63450DED1737}.Release|arm64.ActiveCfg = Release|Any CPU
		{40DE88E7-C02D-4587-BD5D-63450DED1737}.Release|arm64.Build.0 = Release|Any CPU
		{40DE88E7-C02D-4587-BD5D-63450DED1737}.Release|x86.ActiveCfg = Release|Any CPU
		{40DE88E7-C02D-4587-BD5D-63450DED1737}.Release|x86.Build.0 = Release|Any CPU
		{F9039173-70F5-4E7D-BAD6-77B7FB1B91F1}.Debug|Any CPU.ActiveCfg = Debug|Any CPU
		{F9039173-70F5-4E7D-BAD6-77B7FB1B91F1}.Debug|Any CPU.Build.0 = Debug|Any CPU
		{F9039173-70F5-4E7D-BAD6-77B7FB1B91F1}.Debug|arm64.ActiveCfg = Debug|Any CPU
		{F9039173-70F5-4E7D-BAD6-77B7FB1B91F1}.Debug|arm64.Build.0 = Debug|Any CPU
		{F9039173-70F5-4E7D-BAD6-77B7FB1B91F1}.Debug|x86.ActiveCfg = Debug|Any CPU
		{F9039173-70F5-4E7D-BAD6-77B7FB1B91F1}.Debug|x86.Build.0 = Debug|Any CPU
		{F9039173-70F5-4E7D-BAD6-77B7FB1B91F1}.Release|Any CPU.ActiveCfg = Release|Any CPU
		{F9039173-70F5-4E7D-BAD6-77B7FB1B91F1}.Release|Any CPU.Build.0 = Release|Any CPU
		{F9039173-70F5-4E7D-BAD6-77B7FB1B91F1}.Release|arm64.ActiveCfg = Release|Any CPU
		{F9039173-70F5-4E7D-BAD6-77B7FB1B91F1}.Release|arm64.Build.0 = Release|Any CPU
		{F9039173-70F5-4E7D-BAD6-77B7FB1B91F1}.Release|x86.ActiveCfg = Release|Any CPU
		{F9039173-70F5-4E7D-BAD6-77B7FB1B91F1}.Release|x86.Build.0 = Release|Any CPU
		{B7D42C29-14C8-4E9B-A44A-C7268961A49A}.Debug|Any CPU.ActiveCfg = Debug|Any CPU
		{B7D42C29-14C8-4E9B-A44A-C7268961A49A}.Debug|Any CPU.Build.0 = Debug|Any CPU
		{B7D42C29-14C8-4E9B-A44A-C7268961A49A}.Debug|arm64.ActiveCfg = Debug|Any CPU
		{B7D42C29-14C8-4E9B-A44A-C7268961A49A}.Debug|arm64.Build.0 = Debug|Any CPU
		{B7D42C29-14C8-4E9B-A44A-C7268961A49A}.Debug|x86.ActiveCfg = Debug|Any CPU
		{B7D42C29-14C8-4E9B-A44A-C7268961A49A}.Debug|x86.Build.0 = Debug|Any CPU
		{B7D42C29-14C8-4E9B-A44A-C7268961A49A}.Release|Any CPU.ActiveCfg = Release|Any CPU
		{B7D42C29-14C8-4E9B-A44A-C7268961A49A}.Release|Any CPU.Build.0 = Release|Any CPU
		{B7D42C29-14C8-4E9B-A44A-C7268961A49A}.Release|arm64.ActiveCfg = Release|Any CPU
		{B7D42C29-14C8-4E9B-A44A-C7268961A49A}.Release|arm64.Build.0 = Release|Any CPU
		{B7D42C29-14C8-4E9B-A44A-C7268961A49A}.Release|x86.ActiveCfg = Release|Any CPU
		{B7D42C29-14C8-4E9B-A44A-C7268961A49A}.Release|x86.Build.0 = Release|Any CPU
		{2FAE2216-8186-4C4E-8FDA-D44F7AD4B197}.Debug|Any CPU.ActiveCfg = Debug|Any CPU
		{2FAE2216-8186-4C4E-8FDA-D44F7AD4B197}.Debug|Any CPU.Build.0 = Debug|Any CPU
		{2FAE2216-8186-4C4E-8FDA-D44F7AD4B197}.Debug|arm64.ActiveCfg = Debug|Any CPU
		{2FAE2216-8186-4C4E-8FDA-D44F7AD4B197}.Debug|arm64.Build.0 = Debug|Any CPU
		{2FAE2216-8186-4C4E-8FDA-D44F7AD4B197}.Debug|x86.ActiveCfg = Debug|Any CPU
		{2FAE2216-8186-4C4E-8FDA-D44F7AD4B197}.Debug|x86.Build.0 = Debug|Any CPU
		{2FAE2216-8186-4C4E-8FDA-D44F7AD4B197}.Release|Any CPU.ActiveCfg = Release|Any CPU
		{2FAE2216-8186-4C4E-8FDA-D44F7AD4B197}.Release|Any CPU.Build.0 = Release|Any CPU
		{2FAE2216-8186-4C4E-8FDA-D44F7AD4B197}.Release|arm64.ActiveCfg = Release|Any CPU
		{2FAE2216-8186-4C4E-8FDA-D44F7AD4B197}.Release|arm64.Build.0 = Release|Any CPU
		{2FAE2216-8186-4C4E-8FDA-D44F7AD4B197}.Release|x86.ActiveCfg = Release|Any CPU
		{2FAE2216-8186-4C4E-8FDA-D44F7AD4B197}.Release|x86.Build.0 = Release|Any CPU
		{EEE5BDC6-08D8-47BF-A824-907CF63B34A4}.Debug|Any CPU.ActiveCfg = Debug|Any CPU
		{EEE5BDC6-08D8-47BF-A824-907CF63B34A4}.Debug|Any CPU.Build.0 = Debug|Any CPU
		{EEE5BDC6-08D8-47BF-A824-907CF63B34A4}.Debug|arm64.ActiveCfg = Debug|Any CPU
		{EEE5BDC6-08D8-47BF-A824-907CF63B34A4}.Debug|arm64.Build.0 = Debug|Any CPU
		{EEE5BDC6-08D8-47BF-A824-907CF63B34A4}.Debug|x86.ActiveCfg = Debug|Any CPU
		{EEE5BDC6-08D8-47BF-A824-907CF63B34A4}.Debug|x86.Build.0 = Debug|Any CPU
		{EEE5BDC6-08D8-47BF-A824-907CF63B34A4}.Release|Any CPU.ActiveCfg = Release|Any CPU
		{EEE5BDC6-08D8-47BF-A824-907CF63B34A4}.Release|Any CPU.Build.0 = Release|Any CPU
		{EEE5BDC6-08D8-47BF-A824-907CF63B34A4}.Release|arm64.ActiveCfg = Release|Any CPU
		{EEE5BDC6-08D8-47BF-A824-907CF63B34A4}.Release|arm64.Build.0 = Release|Any CPU
		{EEE5BDC6-08D8-47BF-A824-907CF63B34A4}.Release|x86.ActiveCfg = Release|Any CPU
		{EEE5BDC6-08D8-47BF-A824-907CF63B34A4}.Release|x86.Build.0 = Release|Any CPU
		{CB4A9F13-792E-4307-8614-F0527C8D6F36}.Debug|Any CPU.ActiveCfg = Debug|Any CPU
		{CB4A9F13-792E-4307-8614-F0527C8D6F36}.Debug|Any CPU.Build.0 = Debug|Any CPU
		{CB4A9F13-792E-4307-8614-F0527C8D6F36}.Debug|arm64.ActiveCfg = Debug|Any CPU
		{CB4A9F13-792E-4307-8614-F0527C8D6F36}.Debug|arm64.Build.0 = Debug|Any CPU
		{CB4A9F13-792E-4307-8614-F0527C8D6F36}.Debug|x86.ActiveCfg = Debug|Any CPU
		{CB4A9F13-792E-4307-8614-F0527C8D6F36}.Debug|x86.Build.0 = Debug|Any CPU
		{CB4A9F13-792E-4307-8614-F0527C8D6F36}.Release|Any CPU.ActiveCfg = Release|Any CPU
		{CB4A9F13-792E-4307-8614-F0527C8D6F36}.Release|Any CPU.Build.0 = Release|Any CPU
		{CB4A9F13-792E-4307-8614-F0527C8D6F36}.Release|arm64.ActiveCfg = Release|Any CPU
		{CB4A9F13-792E-4307-8614-F0527C8D6F36}.Release|arm64.Build.0 = Release|Any CPU
		{CB4A9F13-792E-4307-8614-F0527C8D6F36}.Release|x86.ActiveCfg = Release|Any CPU
		{CB4A9F13-792E-4307-8614-F0527C8D6F36}.Release|x86.Build.0 = Release|Any CPU
		{98B20367-DB4C-4F6F-8915-8C2BEA8CDBAB}.Debug|Any CPU.ActiveCfg = Debug|Any CPU
		{98B20367-DB4C-4F6F-8915-8C2BEA8CDBAB}.Debug|Any CPU.Build.0 = Debug|Any CPU
		{98B20367-DB4C-4F6F-8915-8C2BEA8CDBAB}.Debug|arm64.ActiveCfg = Debug|Any CPU
		{98B20367-DB4C-4F6F-8915-8C2BEA8CDBAB}.Debug|arm64.Build.0 = Debug|Any CPU
		{98B20367-DB4C-4F6F-8915-8C2BEA8CDBAB}.Debug|x86.ActiveCfg = Debug|Any CPU
		{98B20367-DB4C-4F6F-8915-8C2BEA8CDBAB}.Debug|x86.Build.0 = Debug|Any CPU
		{98B20367-DB4C-4F6F-8915-8C2BEA8CDBAB}.Release|Any CPU.ActiveCfg = Release|Any CPU
		{98B20367-DB4C-4F6F-8915-8C2BEA8CDBAB}.Release|Any CPU.Build.0 = Release|Any CPU
		{98B20367-DB4C-4F6F-8915-8C2BEA8CDBAB}.Release|arm64.ActiveCfg = Release|Any CPU
		{98B20367-DB4C-4F6F-8915-8C2BEA8CDBAB}.Release|arm64.Build.0 = Release|Any CPU
		{98B20367-DB4C-4F6F-8915-8C2BEA8CDBAB}.Release|x86.ActiveCfg = Release|Any CPU
		{98B20367-DB4C-4F6F-8915-8C2BEA8CDBAB}.Release|x86.Build.0 = Release|Any CPU
		{A6113827-7D03-48CD-A128-5ADC6C5BEB8B}.Debug|Any CPU.ActiveCfg = Debug|Any CPU
		{A6113827-7D03-48CD-A128-5ADC6C5BEB8B}.Debug|Any CPU.Build.0 = Debug|Any CPU
		{A6113827-7D03-48CD-A128-5ADC6C5BEB8B}.Debug|arm64.ActiveCfg = Debug|Any CPU
		{A6113827-7D03-48CD-A128-5ADC6C5BEB8B}.Debug|arm64.Build.0 = Debug|Any CPU
		{A6113827-7D03-48CD-A128-5ADC6C5BEB8B}.Debug|x86.ActiveCfg = Debug|Any CPU
		{A6113827-7D03-48CD-A128-5ADC6C5BEB8B}.Debug|x86.Build.0 = Debug|Any CPU
		{A6113827-7D03-48CD-A128-5ADC6C5BEB8B}.Release|Any CPU.ActiveCfg = Release|Any CPU
		{A6113827-7D03-48CD-A128-5ADC6C5BEB8B}.Release|Any CPU.Build.0 = Release|Any CPU
		{A6113827-7D03-48CD-A128-5ADC6C5BEB8B}.Release|arm64.ActiveCfg = Release|Any CPU
		{A6113827-7D03-48CD-A128-5ADC6C5BEB8B}.Release|arm64.Build.0 = Release|Any CPU
		{A6113827-7D03-48CD-A128-5ADC6C5BEB8B}.Release|x86.ActiveCfg = Release|Any CPU
		{A6113827-7D03-48CD-A128-5ADC6C5BEB8B}.Release|x86.Build.0 = Release|Any CPU
		{BFD21106-5BE9-4D92-9929-C0F45350806A}.Debug|Any CPU.ActiveCfg = Debug|Any CPU
		{BFD21106-5BE9-4D92-9929-C0F45350806A}.Debug|Any CPU.Build.0 = Debug|Any CPU
		{BFD21106-5BE9-4D92-9929-C0F45350806A}.Debug|arm64.ActiveCfg = Debug|Any CPU
		{BFD21106-5BE9-4D92-9929-C0F45350806A}.Debug|arm64.Build.0 = Debug|Any CPU
		{BFD21106-5BE9-4D92-9929-C0F45350806A}.Debug|x86.ActiveCfg = Debug|Any CPU
		{BFD21106-5BE9-4D92-9929-C0F45350806A}.Debug|x86.Build.0 = Debug|Any CPU
		{BFD21106-5BE9-4D92-9929-C0F45350806A}.Release|Any CPU.ActiveCfg = Release|Any CPU
		{BFD21106-5BE9-4D92-9929-C0F45350806A}.Release|Any CPU.Build.0 = Release|Any CPU
		{BFD21106-5BE9-4D92-9929-C0F45350806A}.Release|arm64.ActiveCfg = Release|Any CPU
		{BFD21106-5BE9-4D92-9929-C0F45350806A}.Release|arm64.Build.0 = Release|Any CPU
		{BFD21106-5BE9-4D92-9929-C0F45350806A}.Release|x86.ActiveCfg = Release|Any CPU
		{BFD21106-5BE9-4D92-9929-C0F45350806A}.Release|x86.Build.0 = Release|Any CPU
		{0B34CD78-391B-4B7D-ADA8-DB5F6CDD685C}.Debug|Any CPU.ActiveCfg = Debug|Any CPU
		{0B34CD78-391B-4B7D-ADA8-DB5F6CDD685C}.Debug|Any CPU.Build.0 = Debug|Any CPU
		{0B34CD78-391B-4B7D-ADA8-DB5F6CDD685C}.Debug|arm64.ActiveCfg = Debug|Any CPU
		{0B34CD78-391B-4B7D-ADA8-DB5F6CDD685C}.Debug|arm64.Build.0 = Debug|Any CPU
		{0B34CD78-391B-4B7D-ADA8-DB5F6CDD685C}.Debug|x86.ActiveCfg = Debug|Any CPU
		{0B34CD78-391B-4B7D-ADA8-DB5F6CDD685C}.Debug|x86.Build.0 = Debug|Any CPU
		{0B34CD78-391B-4B7D-ADA8-DB5F6CDD685C}.Release|Any CPU.ActiveCfg = Release|Any CPU
		{0B34CD78-391B-4B7D-ADA8-DB5F6CDD685C}.Release|Any CPU.Build.0 = Release|Any CPU
		{0B34CD78-391B-4B7D-ADA8-DB5F6CDD685C}.Release|arm64.ActiveCfg = Release|Any CPU
		{0B34CD78-391B-4B7D-ADA8-DB5F6CDD685C}.Release|arm64.Build.0 = Release|Any CPU
		{0B34CD78-391B-4B7D-ADA8-DB5F6CDD685C}.Release|x86.ActiveCfg = Release|Any CPU
		{0B34CD78-391B-4B7D-ADA8-DB5F6CDD685C}.Release|x86.Build.0 = Release|Any CPU
		{BC364FC8-58DF-4F6F-98CF-916447555BDB}.Debug|Any CPU.ActiveCfg = Debug|Any CPU
		{BC364FC8-58DF-4F6F-98CF-916447555BDB}.Debug|Any CPU.Build.0 = Debug|Any CPU
		{BC364FC8-58DF-4F6F-98CF-916447555BDB}.Debug|arm64.ActiveCfg = Debug|Any CPU
		{BC364FC8-58DF-4F6F-98CF-916447555BDB}.Debug|arm64.Build.0 = Debug|Any CPU
		{BC364FC8-58DF-4F6F-98CF-916447555BDB}.Debug|x86.ActiveCfg = Debug|Any CPU
		{BC364FC8-58DF-4F6F-98CF-916447555BDB}.Debug|x86.Build.0 = Debug|Any CPU
		{BC364FC8-58DF-4F6F-98CF-916447555BDB}.Release|Any CPU.ActiveCfg = Release|Any CPU
		{BC364FC8-58DF-4F6F-98CF-916447555BDB}.Release|Any CPU.Build.0 = Release|Any CPU
		{BC364FC8-58DF-4F6F-98CF-916447555BDB}.Release|arm64.ActiveCfg = Release|Any CPU
		{BC364FC8-58DF-4F6F-98CF-916447555BDB}.Release|arm64.Build.0 = Release|Any CPU
		{BC364FC8-58DF-4F6F-98CF-916447555BDB}.Release|x86.ActiveCfg = Release|Any CPU
		{BC364FC8-58DF-4F6F-98CF-916447555BDB}.Release|x86.Build.0 = Release|Any CPU
		{D170E361-46FE-4D6E-83EB-E5EA4187BE40}.Debug|Any CPU.ActiveCfg = Debug|Any CPU
		{D170E361-46FE-4D6E-83EB-E5EA4187BE40}.Debug|Any CPU.Build.0 = Debug|Any CPU
		{D170E361-46FE-4D6E-83EB-E5EA4187BE40}.Debug|arm64.ActiveCfg = Debug|Any CPU
		{D170E361-46FE-4D6E-83EB-E5EA4187BE40}.Debug|arm64.Build.0 = Debug|Any CPU
		{D170E361-46FE-4D6E-83EB-E5EA4187BE40}.Debug|x86.ActiveCfg = Debug|Any CPU
		{D170E361-46FE-4D6E-83EB-E5EA4187BE40}.Debug|x86.Build.0 = Debug|Any CPU
		{D170E361-46FE-4D6E-83EB-E5EA4187BE40}.Release|Any CPU.ActiveCfg = Release|Any CPU
		{D170E361-46FE-4D6E-83EB-E5EA4187BE40}.Release|Any CPU.Build.0 = Release|Any CPU
		{D170E361-46FE-4D6E-83EB-E5EA4187BE40}.Release|arm64.ActiveCfg = Release|Any CPU
		{D170E361-46FE-4D6E-83EB-E5EA4187BE40}.Release|arm64.Build.0 = Release|Any CPU
		{D170E361-46FE-4D6E-83EB-E5EA4187BE40}.Release|x86.ActiveCfg = Release|Any CPU
		{D170E361-46FE-4D6E-83EB-E5EA4187BE40}.Release|x86.Build.0 = Release|Any CPU
		{748912A3-BE51-4237-B147-F9586E4002E0}.Debug|Any CPU.ActiveCfg = Debug|Any CPU
		{748912A3-BE51-4237-B147-F9586E4002E0}.Debug|Any CPU.Build.0 = Debug|Any CPU
		{748912A3-BE51-4237-B147-F9586E4002E0}.Debug|arm64.ActiveCfg = Debug|Any CPU
		{748912A3-BE51-4237-B147-F9586E4002E0}.Debug|arm64.Build.0 = Debug|Any CPU
		{748912A3-BE51-4237-B147-F9586E4002E0}.Debug|x86.ActiveCfg = Debug|Any CPU
		{748912A3-BE51-4237-B147-F9586E4002E0}.Debug|x86.Build.0 = Debug|Any CPU
		{748912A3-BE51-4237-B147-F9586E4002E0}.Release|Any CPU.ActiveCfg = Release|Any CPU
		{748912A3-BE51-4237-B147-F9586E4002E0}.Release|Any CPU.Build.0 = Release|Any CPU
		{748912A3-BE51-4237-B147-F9586E4002E0}.Release|arm64.ActiveCfg = Release|Any CPU
		{748912A3-BE51-4237-B147-F9586E4002E0}.Release|arm64.Build.0 = Release|Any CPU
		{748912A3-BE51-4237-B147-F9586E4002E0}.Release|x86.ActiveCfg = Release|Any CPU
		{748912A3-BE51-4237-B147-F9586E4002E0}.Release|x86.Build.0 = Release|Any CPU
		{A2DC1A5B-9BDD-4A84-853D-0D2F082A41ED}.Debug|Any CPU.ActiveCfg = Debug|Any CPU
		{A2DC1A5B-9BDD-4A84-853D-0D2F082A41ED}.Debug|Any CPU.Build.0 = Debug|Any CPU
		{A2DC1A5B-9BDD-4A84-853D-0D2F082A41ED}.Debug|arm64.ActiveCfg = Debug|Any CPU
		{A2DC1A5B-9BDD-4A84-853D-0D2F082A41ED}.Debug|arm64.Build.0 = Debug|Any CPU
		{A2DC1A5B-9BDD-4A84-853D-0D2F082A41ED}.Debug|x86.ActiveCfg = Debug|Any CPU
		{A2DC1A5B-9BDD-4A84-853D-0D2F082A41ED}.Debug|x86.Build.0 = Debug|Any CPU
		{A2DC1A5B-9BDD-4A84-853D-0D2F082A41ED}.Release|Any CPU.ActiveCfg = Release|Any CPU
		{A2DC1A5B-9BDD-4A84-853D-0D2F082A41ED}.Release|Any CPU.Build.0 = Release|Any CPU
		{A2DC1A5B-9BDD-4A84-853D-0D2F082A41ED}.Release|arm64.ActiveCfg = Release|Any CPU
		{A2DC1A5B-9BDD-4A84-853D-0D2F082A41ED}.Release|arm64.Build.0 = Release|Any CPU
		{A2DC1A5B-9BDD-4A84-853D-0D2F082A41ED}.Release|x86.ActiveCfg = Release|Any CPU
		{A2DC1A5B-9BDD-4A84-853D-0D2F082A41ED}.Release|x86.Build.0 = Release|Any CPU
		{B0D921CE-567A-41FF-B459-CE87B801399F}.Debug|Any CPU.ActiveCfg = Debug|Any CPU
		{B0D921CE-567A-41FF-B459-CE87B801399F}.Debug|Any CPU.Build.0 = Debug|Any CPU
		{B0D921CE-567A-41FF-B459-CE87B801399F}.Debug|arm64.ActiveCfg = Debug|Any CPU
		{B0D921CE-567A-41FF-B459-CE87B801399F}.Debug|arm64.Build.0 = Debug|Any CPU
		{B0D921CE-567A-41FF-B459-CE87B801399F}.Debug|x86.ActiveCfg = Debug|Any CPU
		{B0D921CE-567A-41FF-B459-CE87B801399F}.Debug|x86.Build.0 = Debug|Any CPU
		{B0D921CE-567A-41FF-B459-CE87B801399F}.Release|Any CPU.ActiveCfg = Release|Any CPU
		{B0D921CE-567A-41FF-B459-CE87B801399F}.Release|Any CPU.Build.0 = Release|Any CPU
		{B0D921CE-567A-41FF-B459-CE87B801399F}.Release|arm64.ActiveCfg = Release|Any CPU
		{B0D921CE-567A-41FF-B459-CE87B801399F}.Release|arm64.Build.0 = Release|Any CPU
		{B0D921CE-567A-41FF-B459-CE87B801399F}.Release|x86.ActiveCfg = Release|Any CPU
		{B0D921CE-567A-41FF-B459-CE87B801399F}.Release|x86.Build.0 = Release|Any CPU
		{2A15A767-989F-404C-A927-C054E2D2355B}.Debug|Any CPU.ActiveCfg = Debug|Any CPU
		{2A15A767-989F-404C-A927-C054E2D2355B}.Debug|Any CPU.Build.0 = Debug|Any CPU
		{2A15A767-989F-404C-A927-C054E2D2355B}.Debug|arm64.ActiveCfg = Debug|Any CPU
		{2A15A767-989F-404C-A927-C054E2D2355B}.Debug|arm64.Build.0 = Debug|Any CPU
		{2A15A767-989F-404C-A927-C054E2D2355B}.Debug|x86.ActiveCfg = Debug|Any CPU
		{2A15A767-989F-404C-A927-C054E2D2355B}.Debug|x86.Build.0 = Debug|Any CPU
		{2A15A767-989F-404C-A927-C054E2D2355B}.Release|Any CPU.ActiveCfg = Release|Any CPU
		{2A15A767-989F-404C-A927-C054E2D2355B}.Release|Any CPU.Build.0 = Release|Any CPU
		{2A15A767-989F-404C-A927-C054E2D2355B}.Release|arm64.ActiveCfg = Release|Any CPU
		{2A15A767-989F-404C-A927-C054E2D2355B}.Release|arm64.Build.0 = Release|Any CPU
		{2A15A767-989F-404C-A927-C054E2D2355B}.Release|x86.ActiveCfg = Release|Any CPU
		{2A15A767-989F-404C-A927-C054E2D2355B}.Release|x86.Build.0 = Release|Any CPU
		{B19F6FCC-09E8-4E95-BF77-742F6F82B5C2}.Debug|Any CPU.ActiveCfg = Debug|Any CPU
		{B19F6FCC-09E8-4E95-BF77-742F6F82B5C2}.Debug|Any CPU.Build.0 = Debug|Any CPU
		{B19F6FCC-09E8-4E95-BF77-742F6F82B5C2}.Debug|arm64.ActiveCfg = Debug|Any CPU
		{B19F6FCC-09E8-4E95-BF77-742F6F82B5C2}.Debug|arm64.Build.0 = Debug|Any CPU
		{B19F6FCC-09E8-4E95-BF77-742F6F82B5C2}.Debug|x86.ActiveCfg = Debug|Any CPU
		{B19F6FCC-09E8-4E95-BF77-742F6F82B5C2}.Debug|x86.Build.0 = Debug|Any CPU
		{B19F6FCC-09E8-4E95-BF77-742F6F82B5C2}.Release|Any CPU.ActiveCfg = Release|Any CPU
		{B19F6FCC-09E8-4E95-BF77-742F6F82B5C2}.Release|Any CPU.Build.0 = Release|Any CPU
		{B19F6FCC-09E8-4E95-BF77-742F6F82B5C2}.Release|arm64.ActiveCfg = Release|Any CPU
		{B19F6FCC-09E8-4E95-BF77-742F6F82B5C2}.Release|arm64.Build.0 = Release|Any CPU
		{B19F6FCC-09E8-4E95-BF77-742F6F82B5C2}.Release|x86.ActiveCfg = Release|Any CPU
		{B19F6FCC-09E8-4E95-BF77-742F6F82B5C2}.Release|x86.Build.0 = Release|Any CPU
		{65AD7E8B-BCF8-4F23-8A4B-B58B860ED9D4}.Debug|Any CPU.ActiveCfg = Debug|Any CPU
		{65AD7E8B-BCF8-4F23-8A4B-B58B860ED9D4}.Debug|Any CPU.Build.0 = Debug|Any CPU
		{65AD7E8B-BCF8-4F23-8A4B-B58B860ED9D4}.Debug|arm64.ActiveCfg = Debug|Any CPU
		{65AD7E8B-BCF8-4F23-8A4B-B58B860ED9D4}.Debug|arm64.Build.0 = Debug|Any CPU
		{65AD7E8B-BCF8-4F23-8A4B-B58B860ED9D4}.Debug|x86.ActiveCfg = Debug|Any CPU
		{65AD7E8B-BCF8-4F23-8A4B-B58B860ED9D4}.Debug|x86.Build.0 = Debug|Any CPU
		{65AD7E8B-BCF8-4F23-8A4B-B58B860ED9D4}.Release|Any CPU.ActiveCfg = Release|Any CPU
		{65AD7E8B-BCF8-4F23-8A4B-B58B860ED9D4}.Release|Any CPU.Build.0 = Release|Any CPU
		{65AD7E8B-BCF8-4F23-8A4B-B58B860ED9D4}.Release|arm64.ActiveCfg = Release|Any CPU
		{65AD7E8B-BCF8-4F23-8A4B-B58B860ED9D4}.Release|arm64.Build.0 = Release|Any CPU
		{65AD7E8B-BCF8-4F23-8A4B-B58B860ED9D4}.Release|x86.ActiveCfg = Release|Any CPU
		{65AD7E8B-BCF8-4F23-8A4B-B58B860ED9D4}.Release|x86.Build.0 = Release|Any CPU
		{00D9716D-6285-439F-A8CE-8584ECC775F1}.Debug|Any CPU.ActiveCfg = Debug|Any CPU
		{00D9716D-6285-439F-A8CE-8584ECC775F1}.Debug|Any CPU.Build.0 = Debug|Any CPU
		{00D9716D-6285-439F-A8CE-8584ECC775F1}.Debug|arm64.ActiveCfg = Debug|Any CPU
		{00D9716D-6285-439F-A8CE-8584ECC775F1}.Debug|arm64.Build.0 = Debug|Any CPU
		{00D9716D-6285-439F-A8CE-8584ECC775F1}.Debug|x86.ActiveCfg = Debug|Any CPU
		{00D9716D-6285-439F-A8CE-8584ECC775F1}.Debug|x86.Build.0 = Debug|Any CPU
		{00D9716D-6285-439F-A8CE-8584ECC775F1}.Release|Any CPU.ActiveCfg = Release|Any CPU
		{00D9716D-6285-439F-A8CE-8584ECC775F1}.Release|Any CPU.Build.0 = Release|Any CPU
		{00D9716D-6285-439F-A8CE-8584ECC775F1}.Release|arm64.ActiveCfg = Release|Any CPU
		{00D9716D-6285-439F-A8CE-8584ECC775F1}.Release|arm64.Build.0 = Release|Any CPU
		{00D9716D-6285-439F-A8CE-8584ECC775F1}.Release|x86.ActiveCfg = Release|Any CPU
		{00D9716D-6285-439F-A8CE-8584ECC775F1}.Release|x86.Build.0 = Release|Any CPU
		{8214ED35-A562-4552-B7AF-35000CE7CADB}.Debug|Any CPU.ActiveCfg = Debug|Any CPU
		{8214ED35-A562-4552-B7AF-35000CE7CADB}.Debug|Any CPU.Build.0 = Debug|Any CPU
		{8214ED35-A562-4552-B7AF-35000CE7CADB}.Debug|arm64.ActiveCfg = Debug|arm64
		{8214ED35-A562-4552-B7AF-35000CE7CADB}.Debug|arm64.Build.0 = Debug|arm64
		{8214ED35-A562-4552-B7AF-35000CE7CADB}.Debug|x86.ActiveCfg = Debug|x86
		{8214ED35-A562-4552-B7AF-35000CE7CADB}.Debug|x86.Build.0 = Debug|x86
		{8214ED35-A562-4552-B7AF-35000CE7CADB}.Release|Any CPU.ActiveCfg = Release|Any CPU
		{8214ED35-A562-4552-B7AF-35000CE7CADB}.Release|Any CPU.Build.0 = Release|Any CPU
		{8214ED35-A562-4552-B7AF-35000CE7CADB}.Release|arm64.ActiveCfg = Release|arm64
		{8214ED35-A562-4552-B7AF-35000CE7CADB}.Release|arm64.Build.0 = Release|arm64
		{8214ED35-A562-4552-B7AF-35000CE7CADB}.Release|x86.ActiveCfg = Release|x86
		{8214ED35-A562-4552-B7AF-35000CE7CADB}.Release|x86.Build.0 = Release|x86
		{701AE9EA-EDA1-41DA-B018-39C944D0ED5C}.Debug|Any CPU.ActiveCfg = Debug|Any CPU
		{701AE9EA-EDA1-41DA-B018-39C944D0ED5C}.Debug|Any CPU.Build.0 = Debug|Any CPU
		{701AE9EA-EDA1-41DA-B018-39C944D0ED5C}.Debug|arm64.ActiveCfg = Debug|Any CPU
		{701AE9EA-EDA1-41DA-B018-39C944D0ED5C}.Debug|arm64.Build.0 = Debug|Any CPU
		{701AE9EA-EDA1-41DA-B018-39C944D0ED5C}.Debug|x86.ActiveCfg = Debug|Any CPU
		{701AE9EA-EDA1-41DA-B018-39C944D0ED5C}.Debug|x86.Build.0 = Debug|Any CPU
		{701AE9EA-EDA1-41DA-B018-39C944D0ED5C}.Release|Any CPU.ActiveCfg = Release|Any CPU
		{701AE9EA-EDA1-41DA-B018-39C944D0ED5C}.Release|Any CPU.Build.0 = Release|Any CPU
		{701AE9EA-EDA1-41DA-B018-39C944D0ED5C}.Release|arm64.ActiveCfg = Release|Any CPU
		{701AE9EA-EDA1-41DA-B018-39C944D0ED5C}.Release|arm64.Build.0 = Release|Any CPU
		{701AE9EA-EDA1-41DA-B018-39C944D0ED5C}.Release|x86.ActiveCfg = Release|Any CPU
		{701AE9EA-EDA1-41DA-B018-39C944D0ED5C}.Release|x86.Build.0 = Release|Any CPU
		{3A59F0A5-E5FD-4C18-9A5A-01EC68CD5047}.Debug|Any CPU.ActiveCfg = Debug|Any CPU
		{3A59F0A5-E5FD-4C18-9A5A-01EC68CD5047}.Debug|Any CPU.Build.0 = Debug|Any CPU
		{3A59F0A5-E5FD-4C18-9A5A-01EC68CD5047}.Debug|arm64.ActiveCfg = Debug|Any CPU
		{3A59F0A5-E5FD-4C18-9A5A-01EC68CD5047}.Debug|arm64.Build.0 = Debug|Any CPU
		{3A59F0A5-E5FD-4C18-9A5A-01EC68CD5047}.Debug|x86.ActiveCfg = Debug|Any CPU
		{3A59F0A5-E5FD-4C18-9A5A-01EC68CD5047}.Debug|x86.Build.0 = Debug|Any CPU
		{3A59F0A5-E5FD-4C18-9A5A-01EC68CD5047}.Release|Any CPU.ActiveCfg = Release|Any CPU
		{3A59F0A5-E5FD-4C18-9A5A-01EC68CD5047}.Release|Any CPU.Build.0 = Release|Any CPU
		{3A59F0A5-E5FD-4C18-9A5A-01EC68CD5047}.Release|arm64.ActiveCfg = Release|Any CPU
		{3A59F0A5-E5FD-4C18-9A5A-01EC68CD5047}.Release|arm64.Build.0 = Release|Any CPU
		{3A59F0A5-E5FD-4C18-9A5A-01EC68CD5047}.Release|x86.ActiveCfg = Release|Any CPU
		{3A59F0A5-E5FD-4C18-9A5A-01EC68CD5047}.Release|x86.Build.0 = Release|Any CPU
		{3D9BBADB-8DAB-4032-A9C6-1B45F388A72A}.Debug|Any CPU.ActiveCfg = Debug|Any CPU
		{3D9BBADB-8DAB-4032-A9C6-1B45F388A72A}.Debug|Any CPU.Build.0 = Debug|Any CPU
		{3D9BBADB-8DAB-4032-A9C6-1B45F388A72A}.Debug|arm64.ActiveCfg = Debug|Any CPU
		{3D9BBADB-8DAB-4032-A9C6-1B45F388A72A}.Debug|arm64.Build.0 = Debug|Any CPU
		{3D9BBADB-8DAB-4032-A9C6-1B45F388A72A}.Debug|x86.ActiveCfg = Debug|Any CPU
		{3D9BBADB-8DAB-4032-A9C6-1B45F388A72A}.Debug|x86.Build.0 = Debug|Any CPU
		{3D9BBADB-8DAB-4032-A9C6-1B45F388A72A}.Release|Any CPU.ActiveCfg = Release|Any CPU
		{3D9BBADB-8DAB-4032-A9C6-1B45F388A72A}.Release|Any CPU.Build.0 = Release|Any CPU
		{3D9BBADB-8DAB-4032-A9C6-1B45F388A72A}.Release|arm64.ActiveCfg = Release|Any CPU
		{3D9BBADB-8DAB-4032-A9C6-1B45F388A72A}.Release|arm64.Build.0 = Release|Any CPU
		{3D9BBADB-8DAB-4032-A9C6-1B45F388A72A}.Release|x86.ActiveCfg = Release|Any CPU
		{3D9BBADB-8DAB-4032-A9C6-1B45F388A72A}.Release|x86.Build.0 = Release|Any CPU
		{DB33E6DA-C9F1-4AC3-9FCE-0DFE8AFCA419}.Debug|Any CPU.ActiveCfg = Debug|Any CPU
		{DB33E6DA-C9F1-4AC3-9FCE-0DFE8AFCA419}.Debug|Any CPU.Build.0 = Debug|Any CPU
		{DB33E6DA-C9F1-4AC3-9FCE-0DFE8AFCA419}.Debug|arm64.ActiveCfg = Debug|Any CPU
		{DB33E6DA-C9F1-4AC3-9FCE-0DFE8AFCA419}.Debug|arm64.Build.0 = Debug|Any CPU
		{DB33E6DA-C9F1-4AC3-9FCE-0DFE8AFCA419}.Debug|x86.ActiveCfg = Debug|Any CPU
		{DB33E6DA-C9F1-4AC3-9FCE-0DFE8AFCA419}.Debug|x86.Build.0 = Debug|Any CPU
		{DB33E6DA-C9F1-4AC3-9FCE-0DFE8AFCA419}.Release|Any CPU.ActiveCfg = Release|Any CPU
		{DB33E6DA-C9F1-4AC3-9FCE-0DFE8AFCA419}.Release|Any CPU.Build.0 = Release|Any CPU
		{DB33E6DA-C9F1-4AC3-9FCE-0DFE8AFCA419}.Release|arm64.ActiveCfg = Release|Any CPU
		{DB33E6DA-C9F1-4AC3-9FCE-0DFE8AFCA419}.Release|arm64.Build.0 = Release|Any CPU
		{DB33E6DA-C9F1-4AC3-9FCE-0DFE8AFCA419}.Release|x86.ActiveCfg = Release|Any CPU
		{DB33E6DA-C9F1-4AC3-9FCE-0DFE8AFCA419}.Release|x86.Build.0 = Release|Any CPU
		{B8A2E767-E993-4B1A-801C-4CE7AF66DCBA}.Debug|Any CPU.ActiveCfg = Debug|Any CPU
		{B8A2E767-E993-4B1A-801C-4CE7AF66DCBA}.Debug|Any CPU.Build.0 = Debug|Any CPU
		{B8A2E767-E993-4B1A-801C-4CE7AF66DCBA}.Debug|arm64.ActiveCfg = Debug|Any CPU
		{B8A2E767-E993-4B1A-801C-4CE7AF66DCBA}.Debug|arm64.Build.0 = Debug|Any CPU
		{B8A2E767-E993-4B1A-801C-4CE7AF66DCBA}.Debug|x86.ActiveCfg = Debug|Any CPU
		{B8A2E767-E993-4B1A-801C-4CE7AF66DCBA}.Debug|x86.Build.0 = Debug|Any CPU
		{B8A2E767-E993-4B1A-801C-4CE7AF66DCBA}.Release|Any CPU.ActiveCfg = Release|Any CPU
		{B8A2E767-E993-4B1A-801C-4CE7AF66DCBA}.Release|Any CPU.Build.0 = Release|Any CPU
		{B8A2E767-E993-4B1A-801C-4CE7AF66DCBA}.Release|arm64.ActiveCfg = Release|Any CPU
		{B8A2E767-E993-4B1A-801C-4CE7AF66DCBA}.Release|arm64.Build.0 = Release|Any CPU
		{B8A2E767-E993-4B1A-801C-4CE7AF66DCBA}.Release|x86.ActiveCfg = Release|Any CPU
		{B8A2E767-E993-4B1A-801C-4CE7AF66DCBA}.Release|x86.Build.0 = Release|Any CPU
		{CB9A88FA-5370-4C1A-AC95-2854164CC122}.Debug|Any CPU.ActiveCfg = Debug|Any CPU
		{CB9A88FA-5370-4C1A-AC95-2854164CC122}.Debug|Any CPU.Build.0 = Debug|Any CPU
		{CB9A88FA-5370-4C1A-AC95-2854164CC122}.Debug|arm64.ActiveCfg = Debug|Any CPU
		{CB9A88FA-5370-4C1A-AC95-2854164CC122}.Debug|arm64.Build.0 = Debug|Any CPU
		{CB9A88FA-5370-4C1A-AC95-2854164CC122}.Debug|x86.ActiveCfg = Debug|Any CPU
		{CB9A88FA-5370-4C1A-AC95-2854164CC122}.Debug|x86.Build.0 = Debug|Any CPU
		{CB9A88FA-5370-4C1A-AC95-2854164CC122}.Release|Any CPU.ActiveCfg = Release|Any CPU
		{CB9A88FA-5370-4C1A-AC95-2854164CC122}.Release|Any CPU.Build.0 = Release|Any CPU
		{CB9A88FA-5370-4C1A-AC95-2854164CC122}.Release|arm64.ActiveCfg = Release|Any CPU
		{CB9A88FA-5370-4C1A-AC95-2854164CC122}.Release|arm64.Build.0 = Release|Any CPU
		{CB9A88FA-5370-4C1A-AC95-2854164CC122}.Release|x86.ActiveCfg = Release|Any CPU
		{CB9A88FA-5370-4C1A-AC95-2854164CC122}.Release|x86.Build.0 = Release|Any CPU
		{C3E28345-4029-4358-AFA0-88081C7D470B}.Debug|Any CPU.ActiveCfg = Debug|Any CPU
		{C3E28345-4029-4358-AFA0-88081C7D470B}.Debug|Any CPU.Build.0 = Debug|Any CPU
		{C3E28345-4029-4358-AFA0-88081C7D470B}.Debug|arm64.ActiveCfg = Debug|Any CPU
		{C3E28345-4029-4358-AFA0-88081C7D470B}.Debug|arm64.Build.0 = Debug|Any CPU
		{C3E28345-4029-4358-AFA0-88081C7D470B}.Debug|x86.ActiveCfg = Debug|Any CPU
		{C3E28345-4029-4358-AFA0-88081C7D470B}.Debug|x86.Build.0 = Debug|Any CPU
		{C3E28345-4029-4358-AFA0-88081C7D470B}.Release|Any CPU.ActiveCfg = Release|Any CPU
		{C3E28345-4029-4358-AFA0-88081C7D470B}.Release|Any CPU.Build.0 = Release|Any CPU
		{C3E28345-4029-4358-AFA0-88081C7D470B}.Release|arm64.ActiveCfg = Release|Any CPU
		{C3E28345-4029-4358-AFA0-88081C7D470B}.Release|arm64.Build.0 = Release|Any CPU
		{C3E28345-4029-4358-AFA0-88081C7D470B}.Release|x86.ActiveCfg = Release|Any CPU
		{C3E28345-4029-4358-AFA0-88081C7D470B}.Release|x86.Build.0 = Release|Any CPU
		{5FE77331-8222-4B53-9B1B-C87A638653D1}.Debug|Any CPU.ActiveCfg = Debug|Any CPU
		{5FE77331-8222-4B53-9B1B-C87A638653D1}.Debug|Any CPU.Build.0 = Debug|Any CPU
		{5FE77331-8222-4B53-9B1B-C87A638653D1}.Debug|arm64.ActiveCfg = Debug|Any CPU
		{5FE77331-8222-4B53-9B1B-C87A638653D1}.Debug|arm64.Build.0 = Debug|Any CPU
		{5FE77331-8222-4B53-9B1B-C87A638653D1}.Debug|x86.ActiveCfg = Debug|Any CPU
		{5FE77331-8222-4B53-9B1B-C87A638653D1}.Debug|x86.Build.0 = Debug|Any CPU
		{5FE77331-8222-4B53-9B1B-C87A638653D1}.Release|Any CPU.ActiveCfg = Release|Any CPU
		{5FE77331-8222-4B53-9B1B-C87A638653D1}.Release|Any CPU.Build.0 = Release|Any CPU
		{5FE77331-8222-4B53-9B1B-C87A638653D1}.Release|arm64.ActiveCfg = Release|Any CPU
		{5FE77331-8222-4B53-9B1B-C87A638653D1}.Release|arm64.Build.0 = Release|Any CPU
		{5FE77331-8222-4B53-9B1B-C87A638653D1}.Release|x86.ActiveCfg = Release|Any CPU
		{5FE77331-8222-4B53-9B1B-C87A638653D1}.Release|x86.Build.0 = Release|Any CPU
		{2E4C6A38-C445-4E01-8508-10465E54CA5F}.Debug|Any CPU.ActiveCfg = Debug|Any CPU
		{2E4C6A38-C445-4E01-8508-10465E54CA5F}.Debug|Any CPU.Build.0 = Debug|Any CPU
		{2E4C6A38-C445-4E01-8508-10465E54CA5F}.Debug|arm64.ActiveCfg = Debug|Any CPU
		{2E4C6A38-C445-4E01-8508-10465E54CA5F}.Debug|arm64.Build.0 = Debug|Any CPU
		{2E4C6A38-C445-4E01-8508-10465E54CA5F}.Debug|x86.ActiveCfg = Debug|Any CPU
		{2E4C6A38-C445-4E01-8508-10465E54CA5F}.Debug|x86.Build.0 = Debug|Any CPU
		{2E4C6A38-C445-4E01-8508-10465E54CA5F}.Release|Any CPU.ActiveCfg = Release|Any CPU
		{2E4C6A38-C445-4E01-8508-10465E54CA5F}.Release|Any CPU.Build.0 = Release|Any CPU
		{2E4C6A38-C445-4E01-8508-10465E54CA5F}.Release|arm64.ActiveCfg = Release|Any CPU
		{2E4C6A38-C445-4E01-8508-10465E54CA5F}.Release|arm64.Build.0 = Release|Any CPU
		{2E4C6A38-C445-4E01-8508-10465E54CA5F}.Release|x86.ActiveCfg = Release|Any CPU
		{2E4C6A38-C445-4E01-8508-10465E54CA5F}.Release|x86.Build.0 = Release|Any CPU
		{EF64A816-A377-4572-B791-27F8477FB9FB}.Debug|Any CPU.ActiveCfg = Debug|Any CPU
		{EF64A816-A377-4572-B791-27F8477FB9FB}.Debug|Any CPU.Build.0 = Debug|Any CPU
		{EF64A816-A377-4572-B791-27F8477FB9FB}.Debug|arm64.ActiveCfg = Debug|Any CPU
		{EF64A816-A377-4572-B791-27F8477FB9FB}.Debug|arm64.Build.0 = Debug|Any CPU
		{EF64A816-A377-4572-B791-27F8477FB9FB}.Debug|x86.ActiveCfg = Debug|Any CPU
		{EF64A816-A377-4572-B791-27F8477FB9FB}.Debug|x86.Build.0 = Debug|Any CPU
		{EF64A816-A377-4572-B791-27F8477FB9FB}.Release|Any CPU.ActiveCfg = Release|Any CPU
		{EF64A816-A377-4572-B791-27F8477FB9FB}.Release|Any CPU.Build.0 = Release|Any CPU
		{EF64A816-A377-4572-B791-27F8477FB9FB}.Release|arm64.ActiveCfg = Release|Any CPU
		{EF64A816-A377-4572-B791-27F8477FB9FB}.Release|arm64.Build.0 = Release|Any CPU
		{EF64A816-A377-4572-B791-27F8477FB9FB}.Release|x86.ActiveCfg = Release|Any CPU
		{EF64A816-A377-4572-B791-27F8477FB9FB}.Release|x86.Build.0 = Release|Any CPU
		{F3E8DD43-0C11-4510-82E2-6E2886CE42D5}.Debug|Any CPU.ActiveCfg = Debug|Any CPU
		{F3E8DD43-0C11-4510-82E2-6E2886CE42D5}.Debug|Any CPU.Build.0 = Debug|Any CPU
		{F3E8DD43-0C11-4510-82E2-6E2886CE42D5}.Debug|arm64.ActiveCfg = Debug|Any CPU
		{F3E8DD43-0C11-4510-82E2-6E2886CE42D5}.Debug|arm64.Build.0 = Debug|Any CPU
		{F3E8DD43-0C11-4510-82E2-6E2886CE42D5}.Debug|x86.ActiveCfg = Debug|Any CPU
		{F3E8DD43-0C11-4510-82E2-6E2886CE42D5}.Debug|x86.Build.0 = Debug|Any CPU
		{F3E8DD43-0C11-4510-82E2-6E2886CE42D5}.Release|Any CPU.ActiveCfg = Release|Any CPU
		{F3E8DD43-0C11-4510-82E2-6E2886CE42D5}.Release|Any CPU.Build.0 = Release|Any CPU
		{F3E8DD43-0C11-4510-82E2-6E2886CE42D5}.Release|arm64.ActiveCfg = Release|Any CPU
		{F3E8DD43-0C11-4510-82E2-6E2886CE42D5}.Release|arm64.Build.0 = Release|Any CPU
		{F3E8DD43-0C11-4510-82E2-6E2886CE42D5}.Release|x86.ActiveCfg = Release|Any CPU
		{F3E8DD43-0C11-4510-82E2-6E2886CE42D5}.Release|x86.Build.0 = Release|Any CPU
		{97FCFE5F-0CF2-4ABF-8B07-F2AC63917261}.Debug|Any CPU.ActiveCfg = Debug|Any CPU
		{97FCFE5F-0CF2-4ABF-8B07-F2AC63917261}.Debug|Any CPU.Build.0 = Debug|Any CPU
		{97FCFE5F-0CF2-4ABF-8B07-F2AC63917261}.Debug|arm64.ActiveCfg = Debug|Any CPU
		{97FCFE5F-0CF2-4ABF-8B07-F2AC63917261}.Debug|arm64.Build.0 = Debug|Any CPU
		{97FCFE5F-0CF2-4ABF-8B07-F2AC63917261}.Debug|x86.ActiveCfg = Debug|Any CPU
		{97FCFE5F-0CF2-4ABF-8B07-F2AC63917261}.Debug|x86.Build.0 = Debug|Any CPU
		{97FCFE5F-0CF2-4ABF-8B07-F2AC63917261}.Release|Any CPU.ActiveCfg = Release|Any CPU
		{97FCFE5F-0CF2-4ABF-8B07-F2AC63917261}.Release|Any CPU.Build.0 = Release|Any CPU
		{97FCFE5F-0CF2-4ABF-8B07-F2AC63917261}.Release|arm64.ActiveCfg = Release|Any CPU
		{97FCFE5F-0CF2-4ABF-8B07-F2AC63917261}.Release|arm64.Build.0 = Release|Any CPU
		{97FCFE5F-0CF2-4ABF-8B07-F2AC63917261}.Release|x86.ActiveCfg = Release|Any CPU
		{97FCFE5F-0CF2-4ABF-8B07-F2AC63917261}.Release|x86.Build.0 = Release|Any CPU
		{AD619D9D-898D-4DB5-A49B-46DCE3D8E5B1}.Debug|Any CPU.ActiveCfg = Debug|Any CPU
		{AD619D9D-898D-4DB5-A49B-46DCE3D8E5B1}.Debug|Any CPU.Build.0 = Debug|Any CPU
		{AD619D9D-898D-4DB5-A49B-46DCE3D8E5B1}.Debug|arm64.ActiveCfg = Debug|Any CPU
		{AD619D9D-898D-4DB5-A49B-46DCE3D8E5B1}.Debug|arm64.Build.0 = Debug|Any CPU
		{AD619D9D-898D-4DB5-A49B-46DCE3D8E5B1}.Debug|x86.ActiveCfg = Debug|Any CPU
		{AD619D9D-898D-4DB5-A49B-46DCE3D8E5B1}.Debug|x86.Build.0 = Debug|Any CPU
		{AD619D9D-898D-4DB5-A49B-46DCE3D8E5B1}.Release|Any CPU.ActiveCfg = Release|Any CPU
		{AD619D9D-898D-4DB5-A49B-46DCE3D8E5B1}.Release|Any CPU.Build.0 = Release|Any CPU
		{AD619D9D-898D-4DB5-A49B-46DCE3D8E5B1}.Release|arm64.ActiveCfg = Release|Any CPU
		{AD619D9D-898D-4DB5-A49B-46DCE3D8E5B1}.Release|arm64.Build.0 = Release|Any CPU
		{AD619D9D-898D-4DB5-A49B-46DCE3D8E5B1}.Release|x86.ActiveCfg = Release|Any CPU
		{AD619D9D-898D-4DB5-A49B-46DCE3D8E5B1}.Release|x86.Build.0 = Release|Any CPU
		{64103708-FCCF-43E2-8938-2C7039B79984}.Debug|Any CPU.ActiveCfg = Debug|Any CPU
		{64103708-FCCF-43E2-8938-2C7039B79984}.Debug|Any CPU.Build.0 = Debug|Any CPU
		{64103708-FCCF-43E2-8938-2C7039B79984}.Debug|arm64.ActiveCfg = Debug|Any CPU
		{64103708-FCCF-43E2-8938-2C7039B79984}.Debug|arm64.Build.0 = Debug|Any CPU
		{64103708-FCCF-43E2-8938-2C7039B79984}.Debug|x86.ActiveCfg = Debug|Any CPU
		{64103708-FCCF-43E2-8938-2C7039B79984}.Debug|x86.Build.0 = Debug|Any CPU
		{64103708-FCCF-43E2-8938-2C7039B79984}.Release|Any CPU.ActiveCfg = Release|Any CPU
		{64103708-FCCF-43E2-8938-2C7039B79984}.Release|Any CPU.Build.0 = Release|Any CPU
		{64103708-FCCF-43E2-8938-2C7039B79984}.Release|arm64.ActiveCfg = Release|Any CPU
		{64103708-FCCF-43E2-8938-2C7039B79984}.Release|arm64.Build.0 = Release|Any CPU
		{64103708-FCCF-43E2-8938-2C7039B79984}.Release|x86.ActiveCfg = Release|Any CPU
		{64103708-FCCF-43E2-8938-2C7039B79984}.Release|x86.Build.0 = Release|Any CPU
		{06DD4ACD-5CE3-462A-BF6A-7DCE5584FD45}.Debug|Any CPU.ActiveCfg = Debug|Any CPU
		{06DD4ACD-5CE3-462A-BF6A-7DCE5584FD45}.Debug|Any CPU.Build.0 = Debug|Any CPU
		{06DD4ACD-5CE3-462A-BF6A-7DCE5584FD45}.Debug|arm64.ActiveCfg = Debug|Any CPU
		{06DD4ACD-5CE3-462A-BF6A-7DCE5584FD45}.Debug|arm64.Build.0 = Debug|Any CPU
		{06DD4ACD-5CE3-462A-BF6A-7DCE5584FD45}.Debug|x86.ActiveCfg = Debug|Any CPU
		{06DD4ACD-5CE3-462A-BF6A-7DCE5584FD45}.Debug|x86.Build.0 = Debug|Any CPU
		{06DD4ACD-5CE3-462A-BF6A-7DCE5584FD45}.Release|Any CPU.ActiveCfg = Release|Any CPU
		{06DD4ACD-5CE3-462A-BF6A-7DCE5584FD45}.Release|Any CPU.Build.0 = Release|Any CPU
		{06DD4ACD-5CE3-462A-BF6A-7DCE5584FD45}.Release|arm64.ActiveCfg = Release|Any CPU
		{06DD4ACD-5CE3-462A-BF6A-7DCE5584FD45}.Release|arm64.Build.0 = Release|Any CPU
		{06DD4ACD-5CE3-462A-BF6A-7DCE5584FD45}.Release|x86.ActiveCfg = Release|Any CPU
		{06DD4ACD-5CE3-462A-BF6A-7DCE5584FD45}.Release|x86.Build.0 = Release|Any CPU
		{EA86D02B-0D60-48A3-B546-F44E2DD8B993}.Debug|Any CPU.ActiveCfg = Debug|Any CPU
		{EA86D02B-0D60-48A3-B546-F44E2DD8B993}.Debug|Any CPU.Build.0 = Debug|Any CPU
		{EA86D02B-0D60-48A3-B546-F44E2DD8B993}.Debug|arm64.ActiveCfg = Debug|Any CPU
		{EA86D02B-0D60-48A3-B546-F44E2DD8B993}.Debug|arm64.Build.0 = Debug|Any CPU
		{EA86D02B-0D60-48A3-B546-F44E2DD8B993}.Debug|x86.ActiveCfg = Debug|Any CPU
		{EA86D02B-0D60-48A3-B546-F44E2DD8B993}.Debug|x86.Build.0 = Debug|Any CPU
		{EA86D02B-0D60-48A3-B546-F44E2DD8B993}.Release|Any CPU.ActiveCfg = Release|Any CPU
		{EA86D02B-0D60-48A3-B546-F44E2DD8B993}.Release|Any CPU.Build.0 = Release|Any CPU
		{EA86D02B-0D60-48A3-B546-F44E2DD8B993}.Release|arm64.ActiveCfg = Release|Any CPU
		{EA86D02B-0D60-48A3-B546-F44E2DD8B993}.Release|arm64.Build.0 = Release|Any CPU
		{EA86D02B-0D60-48A3-B546-F44E2DD8B993}.Release|x86.ActiveCfg = Release|Any CPU
		{EA86D02B-0D60-48A3-B546-F44E2DD8B993}.Release|x86.Build.0 = Release|Any CPU
		{E7466225-A69D-4479-8DF9-BA59A501C0F2}.Debug|Any CPU.ActiveCfg = Debug|Any CPU
		{E7466225-A69D-4479-8DF9-BA59A501C0F2}.Debug|Any CPU.Build.0 = Debug|Any CPU
		{E7466225-A69D-4479-8DF9-BA59A501C0F2}.Debug|arm64.ActiveCfg = Debug|Any CPU
		{E7466225-A69D-4479-8DF9-BA59A501C0F2}.Debug|arm64.Build.0 = Debug|Any CPU
		{E7466225-A69D-4479-8DF9-BA59A501C0F2}.Debug|x86.ActiveCfg = Debug|Any CPU
		{E7466225-A69D-4479-8DF9-BA59A501C0F2}.Debug|x86.Build.0 = Debug|Any CPU
		{E7466225-A69D-4479-8DF9-BA59A501C0F2}.Release|Any CPU.ActiveCfg = Release|Any CPU
		{E7466225-A69D-4479-8DF9-BA59A501C0F2}.Release|Any CPU.Build.0 = Release|Any CPU
		{E7466225-A69D-4479-8DF9-BA59A501C0F2}.Release|arm64.ActiveCfg = Release|Any CPU
		{E7466225-A69D-4479-8DF9-BA59A501C0F2}.Release|arm64.Build.0 = Release|Any CPU
		{E7466225-A69D-4479-8DF9-BA59A501C0F2}.Release|x86.ActiveCfg = Release|Any CPU
		{E7466225-A69D-4479-8DF9-BA59A501C0F2}.Release|x86.Build.0 = Release|Any CPU
		{3A347DE2-0835-4D08-A098-F81F938CE04D}.Debug|Any CPU.ActiveCfg = Debug|Any CPU
		{3A347DE2-0835-4D08-A098-F81F938CE04D}.Debug|Any CPU.Build.0 = Debug|Any CPU
		{3A347DE2-0835-4D08-A098-F81F938CE04D}.Debug|arm64.ActiveCfg = Debug|Any CPU
		{3A347DE2-0835-4D08-A098-F81F938CE04D}.Debug|arm64.Build.0 = Debug|Any CPU
		{3A347DE2-0835-4D08-A098-F81F938CE04D}.Debug|x86.ActiveCfg = Debug|Any CPU
		{3A347DE2-0835-4D08-A098-F81F938CE04D}.Debug|x86.Build.0 = Debug|Any CPU
		{3A347DE2-0835-4D08-A098-F81F938CE04D}.Release|Any CPU.ActiveCfg = Release|Any CPU
		{3A347DE2-0835-4D08-A098-F81F938CE04D}.Release|Any CPU.Build.0 = Release|Any CPU
		{3A347DE2-0835-4D08-A098-F81F938CE04D}.Release|arm64.ActiveCfg = Release|Any CPU
		{3A347DE2-0835-4D08-A098-F81F938CE04D}.Release|arm64.Build.0 = Release|Any CPU
		{3A347DE2-0835-4D08-A098-F81F938CE04D}.Release|x86.ActiveCfg = Release|Any CPU
		{3A347DE2-0835-4D08-A098-F81F938CE04D}.Release|x86.Build.0 = Release|Any CPU
		{8F4EC339-00F5-48A1-B076-559C547845CA}.Debug|Any CPU.ActiveCfg = Debug|Any CPU
		{8F4EC339-00F5-48A1-B076-559C547845CA}.Debug|Any CPU.Build.0 = Debug|Any CPU
		{8F4EC339-00F5-48A1-B076-559C547845CA}.Debug|arm64.ActiveCfg = Debug|Any CPU
		{8F4EC339-00F5-48A1-B076-559C547845CA}.Debug|arm64.Build.0 = Debug|Any CPU
		{8F4EC339-00F5-48A1-B076-559C547845CA}.Debug|x86.ActiveCfg = Debug|Any CPU
		{8F4EC339-00F5-48A1-B076-559C547845CA}.Debug|x86.Build.0 = Debug|Any CPU
		{8F4EC339-00F5-48A1-B076-559C547845CA}.Release|Any CPU.ActiveCfg = Release|Any CPU
		{8F4EC339-00F5-48A1-B076-559C547845CA}.Release|Any CPU.Build.0 = Release|Any CPU
		{8F4EC339-00F5-48A1-B076-559C547845CA}.Release|arm64.ActiveCfg = Release|Any CPU
		{8F4EC339-00F5-48A1-B076-559C547845CA}.Release|arm64.Build.0 = Release|Any CPU
		{8F4EC339-00F5-48A1-B076-559C547845CA}.Release|x86.ActiveCfg = Release|Any CPU
		{8F4EC339-00F5-48A1-B076-559C547845CA}.Release|x86.Build.0 = Release|Any CPU
	EndGlobalSection
	GlobalSection(SolutionProperties) = preSolution
		HideSolutionNode = FALSE
	EndGlobalSection
	GlobalSection(NestedProjects) = preSolution
		{E7EA5DBB-E61F-4EE1-AD1A-39FB2E0458A4} = {FF699F08-E6E2-40F9-9B78-B11883C6B363}
		{E28E9D04-92D9-4DC9-9D45-E8266FFE74F8} = {6F8DB15B-8DEF-4419-9ABE-072E89DB984E}
		{1CEBAC9B-E1D8-46A5-BAA0-A5427EAA062C} = {6F8DB15B-8DEF-4419-9ABE-072E89DB984E}
		{F3649973-55F8-45BF-965E-95EE2E7E8BDB} = {6F8DB15B-8DEF-4419-9ABE-072E89DB984E}
		{40DE88E7-C02D-4587-BD5D-63450DED1737} = {6F8DB15B-8DEF-4419-9ABE-072E89DB984E}
		{F9039173-70F5-4E7D-BAD6-77B7FB1B91F1} = {6F8DB15B-8DEF-4419-9ABE-072E89DB984E}
		{B7D42C29-14C8-4E9B-A44A-C7268961A49A} = {6F8DB15B-8DEF-4419-9ABE-072E89DB984E}
		{2FAE2216-8186-4C4E-8FDA-D44F7AD4B197} = {6F8DB15B-8DEF-4419-9ABE-072E89DB984E}
		{EEE5BDC6-08D8-47BF-A824-907CF63B34A4} = {6F8DB15B-8DEF-4419-9ABE-072E89DB984E}
		{CB4A9F13-792E-4307-8614-F0527C8D6F36} = {6F8DB15B-8DEF-4419-9ABE-072E89DB984E}
		{A6113827-7D03-48CD-A128-5ADC6C5BEB8B} = {6F8DB15B-8DEF-4419-9ABE-072E89DB984E}
		{BFD21106-5BE9-4D92-9929-C0F45350806A} = {FF699F08-E6E2-40F9-9B78-B11883C6B363}
		{6F8DB15B-8DEF-4419-9ABE-072E89DB984E} = {7042FCC0-1B68-4E85-83B6-83BF0BDCE11C}
		{5C7AB842-BF4A-4231-8440-E77E42C6313E} = {7042FCC0-1B68-4E85-83B6-83BF0BDCE11C}
		{0B34CD78-391B-4B7D-ADA8-DB5F6CDD685C} = {5C7AB842-BF4A-4231-8440-E77E42C6313E}
		{2A15A767-989F-404C-A927-C054E2D2355B} = {6F8DB15B-8DEF-4419-9ABE-072E89DB984E}
		{B19F6FCC-09E8-4E95-BF77-742F6F82B5C2} = {64AC90B8-8761-4C7F-9D73-A65D633E7014}
		{65AD7E8B-BCF8-4F23-8A4B-B58B860ED9D4} = {7042FCC0-1B68-4E85-83B6-83BF0BDCE11C}
		{00D9716D-6285-439F-A8CE-8584ECC775F1} = {6F8DB15B-8DEF-4419-9ABE-072E89DB984E}
		{DD8A5263-0F63-4F92-A9B8-86641A027153} = {7042FCC0-1B68-4E85-83B6-83BF0BDCE11C}
		{701AE9EA-EDA1-41DA-B018-39C944D0ED5C} = {FF699F08-E6E2-40F9-9B78-B11883C6B363}
		{3A59F0A5-E5FD-4C18-9A5A-01EC68CD5047} = {DD8A5263-0F63-4F92-A9B8-86641A027153}
		{CB9A88FA-5370-4C1A-AC95-2854164CC122} = {FF699F08-E6E2-40F9-9B78-B11883C6B363}
		{A9E09E41-8344-4EE7-B2BD-C2E8E75F40F9} = {7042FCC0-1B68-4E85-83B6-83BF0BDCE11C}
		{C3E28345-4029-4358-AFA0-88081C7D470B} = {A9E09E41-8344-4EE7-B2BD-C2E8E75F40F9}
		{5FE77331-8222-4B53-9B1B-C87A638653D1} = {FF699F08-E6E2-40F9-9B78-B11883C6B363}
		{97FCFE5F-0CF2-4ABF-8B07-F2AC63917261} = {6F8DB15B-8DEF-4419-9ABE-072E89DB984E}
		{AD619D9D-898D-4DB5-A49B-46DCE3D8E5B1} = {FF699F08-E6E2-40F9-9B78-B11883C6B363}
		{64103708-FCCF-43E2-8938-2C7039B79984} = {FF699F08-E6E2-40F9-9B78-B11883C6B363}
		{64AC90B8-8761-4C7F-9D73-A65D633E7014} = {7042FCC0-1B68-4E85-83B6-83BF0BDCE11C}
		{E7466225-A69D-4479-8DF9-BA59A501C0F2} = {535B0971-2258-48FE-BA42-7EA19CBD6806}
		{3A347DE2-0835-4D08-A098-F81F938CE04D} = {FF699F08-E6E2-40F9-9B78-B11883C6B363}
		{8F4EC339-00F5-48A1-B076-559C547845CA} = {FF699F08-E6E2-40F9-9B78-B11883C6B363}
	EndGlobalSection
	GlobalSection(ExtensibilityGlobals) = postSolution
		SolutionGuid = {2DE3A08A-5FB8-4455-9850-620399616405}
	EndGlobalSection
EndGlobal
