
Microsoft Visual Studio Solution File, Format Version 12.00
# Visual Studio Version 17
VisualStudioVersion = 17.9.34511.98
MinimumVisualStudioVersion = 10.0.40219.1
Project("{9A19103F-16F7-4668-BE54-9A1E7A4F7556}") = "NextUnitTestRunner", "NextUnitTestRunner\NextUnitTestRunner.csproj", "{E7EA5DBB-E61F-4EE1-AD1A-39FB2E0458A4}"
EndProject
Project("{2150E333-8FDC-42A3-9474-1A3956D46DE8}") = "Solution Items", "Solution Items", "{5D0E29D0-F2EE-4CBE-B4D9-449F3182B833}"
EndProject
Project("{9A19103F-16F7-4668-BE54-9A1E7A4F7556}") = "NextUnitTestRunnerTests", "NextUnitTestRunnerTests\NextUnitTestRunnerTests.csproj", "{E28E9D04-92D9-4DC9-9D45-E8266FFE74F8}"
EndProject
Project("{9A19103F-16F7-4668-BE54-9A1E7A4F7556}") = "NextUnitTestAdapter", "NextUnitTestAdapter\NextUnitTestAdapter.csproj", "{57EBFED5-46DC-4BC0-BF41-626BF5A1C124}"
EndProject
Project("{9A19103F-16F7-4668-BE54-9A1E7A4F7556}") = "AutoFixture.NextUnit", "AutoFixture.NextUnit\AutoFixture.NextUnit.csproj", "{5864F0B4-5202-4480-A92E-37F3FD4915DB}"
EndProject
Project("{9A19103F-16F7-4668-BE54-9A1E7A4F7556}") = "NextUnitHardwareContext", "NextUnitHardwareContext\NextUnitHardwareContext.csproj", "{AFE87336-BC9A-4A66-9EA8-B1BA63C8E527}"
EndProject
Project("{FAE04EC0-301F-11D3-BF4B-00C04F79EFBC}") = "NextUnit.Core", "NextUnit.Core\NextUnit.Core.csproj", "{B4C8D5A4-0F72-43E8-92F9-A1BD8B78CF60}"
EndProject
Global
	GlobalSection(SolutionConfigurationPlatforms) = preSolution
		Debug|Any CPU = Debug|Any CPU
		Release|Any CPU = Release|Any CPU
	EndGlobalSection
	GlobalSection(ProjectConfigurationPlatforms) = postSolution
		{E7EA5DBB-E61F-4EE1-AD1A-39FB2E0458A4}.Debug|Any CPU.ActiveCfg = Debug|Any CPU
		{E7EA5DBB-E61F-4EE1-AD1A-39FB2E0458A4}.Debug|Any CPU.Build.0 = Debug|Any CPU
		{E7EA5DBB-E61F-4EE1-AD1A-39FB2E0458A4}.Release|Any CPU.ActiveCfg = Release|Any CPU
		{E7EA5DBB-E61F-4EE1-AD1A-39FB2E0458A4}.Release|Any CPU.Build.0 = Release|Any CPU
		{E28E9D04-92D9-4DC9-9D45-E8266FFE74F8}.Debug|Any CPU.ActiveCfg = Debug|Any CPU
		{E28E9D04-92D9-4DC9-9D45-E8266FFE74F8}.Debug|Any CPU.Build.0 = Debug|Any CPU
		{E28E9D04-92D9-4DC9-9D45-E8266FFE74F8}.Release|Any CPU.ActiveCfg = Release|Any CPU
		{E28E9D04-92D9-4DC9-9D45-E8266FFE74F8}.Release|Any CPU.Build.0 = Release|Any CPU
		{57EBFED5-46DC-4BC0-BF41-626BF5A1C124}.Debug|Any CPU.ActiveCfg = Debug|Any CPU
		{57EBFED5-46DC-4BC0-BF41-626BF5A1C124}.Debug|Any CPU.Build.0 = Debug|Any CPU
		{57EBFED5-46DC-4BC0-BF41-626BF5A1C124}.Release|Any CPU.ActiveCfg = Release|Any CPU
		{57EBFED5-46DC-4BC0-BF41-626BF5A1C124}.Release|Any CPU.Build.0 = Release|Any CPU
		{5864F0B4-5202-4480-A92E-37F3FD4915DB}.Debug|Any CPU.ActiveCfg = Debug|Any CPU
		{5864F0B4-5202-4480-A92E-37F3FD4915DB}.Debug|Any CPU.Build.0 = Debug|Any CPU
		{5864F0B4-5202-4480-A92E-37F3FD4915DB}.Release|Any CPU.ActiveCfg = Release|Any CPU
		{5864F0B4-5202-4480-A92E-37F3FD4915DB}.Release|Any CPU.Build.0 = Release|Any CPU
		{AFE87336-BC9A-4A66-9EA8-B1BA63C8E527}.Debug|Any CPU.ActiveCfg = Debug|Any CPU
		{AFE87336-BC9A-4A66-9EA8-B1BA63C8E527}.Debug|Any CPU.Build.0 = Debug|Any CPU
		{AFE87336-BC9A-4A66-9EA8-B1BA63C8E527}.Release|Any CPU.ActiveCfg = Release|Any CPU
		{AFE87336-BC9A-4A66-9EA8-B1BA63C8E527}.Release|Any CPU.Build.0 = Release|Any CPU
		{B4C8D5A4-0F72-43E8-92F9-A1BD8B78CF60}.Debug|Any CPU.ActiveCfg = Debug|Any CPU
		{B4C8D5A4-0F72-43E8-92F9-A1BD8B78CF60}.Debug|Any CPU.Build.0 = Debug|Any CPU
		{B4C8D5A4-0F72-43E8-92F9-A1BD8B78CF60}.Release|Any CPU.ActiveCfg = Release|Any CPU
		{B4C8D5A4-0F72-43E8-92F9-A1BD8B78CF60}.Release|Any CPU.Build.0 = Release|Any CPU
	EndGlobalSection
	GlobalSection(SolutionProperties) = preSolution
		HideSolutionNode = FALSE
	EndGlobalSection
	GlobalSection(ExtensibilityGlobals) = postSolution
		SolutionGuid = {2DE3A08A-5FB8-4455-9850-620399616405}
	EndGlobalSection
EndGlobal
