
Microsoft Visual Studio Solution File, Format Version 12.00
# Visual Studio Version 17
VisualStudioVersion = 17.9.34511.98
MinimumVisualStudioVersion = 10.0.40219.1
Project("{9A19103F-16F7-4668-BE54-9A1E7A4F7556}") = "NextUnit.TestRunner", "NextUnitTestRunner\NextUnit.TestRunner.csproj", "{E7EA5DBB-E61F-4EE1-AD1A-39FB2E0458A4}"
EndProject
Project("{2150E333-8FDC-42A3-9474-1A3956D46DE8}") = "Solution Items", "Solution Items", "{5D0E29D0-F2EE-4CBE-B4D9-449F3182B833}"
EndProject
Project("{9A19103F-16F7-4668-BE54-9A1E7A4F7556}") = "NextUnit.TestRunnerTests", "NextUnitTestRunnerTests\NextUnit.TestRunnerTests.csproj", "{E28E9D04-92D9-4DC9-9D45-E8266FFE74F8}"
EndProject
Project("{9A19103F-16F7-4668-BE54-9A1E7A4F7556}") = "NextUnit.TestAdapter", "NextUnitTestAdapter\NextUnit.TestAdapter.csproj", "{57EBFED5-46DC-4BC0-BF41-626BF5A1C124}"
EndProject
Project("{9A19103F-16F7-4668-BE54-9A1E7A4F7556}") = "AutoFixture.NextUnit", "AutoFixture.NextUnit\AutoFixture.NextUnit.csproj", "{5864F0B4-5202-4480-A92E-37F3FD4915DB}"
EndProject
Project("{9A19103F-16F7-4668-BE54-9A1E7A4F7556}") = "NextUnit.HardwareContext", "NextUnitHardwareContext\NextUnit.HardwareContext.csproj", "{AFE87336-BC9A-4A66-9EA8-B1BA63C8E527}"
EndProject
Project("{9A19103F-16F7-4668-BE54-9A1E7A4F7556}") = "NextUnit.Core", "NextUnit.Core\NextUnit.Core.csproj", "{B4C8D5A4-0F72-43E8-92F9-A1BD8B78CF60}"
EndProject
Project("{9A19103F-16F7-4668-BE54-9A1E7A4F7556}") = "NextUnit.CodeCoverage", "NextUnit.CodeCoverage\NextUnit.CodeCoverage.csproj", "{7AA97FE2-D5B2-43AF-9423-29A45EDE8EEB}"
EndProject
Project("{9A19103F-16F7-4668-BE54-9A1E7A4F7556}") = "NexUnit.TestDataGenerator", "NexUnit.TestDataGenerator\NexUnit.TestDataGenerator.csproj", "{CCEB584C-4556-4BF9-B276-792D471A29BB}"
EndProject
Project("{9A19103F-16F7-4668-BE54-9A1E7A4F7556}") = "NextUnit.Autofixture.AutoMoq.Core", "NextUnit.Autofixture.AutoMoq.Core\NextUnit.Autofixture.AutoMoq.Core.csproj", "{D83CC2FB-4C30-41ED-B386-032C2A35DE5A}"
EndProject
Project("{FAE04EC0-301F-11D3-BF4B-00C04F79EFBC}") = "NextUnit.CodeCoverage.Tests", "CodeCoverageTests\NextUnit.CodeCoverage.Tests.csproj", "{1CEBAC9B-E1D8-46A5-BAA0-A5427EAA062C}"
EndProject
Global
	GlobalSection(SolutionConfigurationPlatforms) = preSolution
		Debug|Any CPU = Debug|Any CPU
		Release|Any CPU = Release|Any CPU
	EndGlobalSection
	GlobalSection(ProjectConfigurationPlatforms) = postSolution
		{E7EA5DBB-E61F-4EE1-AD1A-39FB2E0458A4}.Debug|Any CPU.ActiveCfg = Debug|Any CPU
		{E7EA5DBB-E61F-4EE1-AD1A-39FB2E0458A4}.Debug|Any CPU.Build.0 = Debug|Any CPU
		{E7EA5DBB-E61F-4EE1-AD1A-39FB2E0458A4}.Release|Any CPU.ActiveCfg = Release|Any CPU
		{E7EA5DBB-E61F-4EE1-AD1A-39FB2E0458A4}.Release|Any CPU.Build.0 = Release|Any CPU
		{E28E9D04-92D9-4DC9-9D45-E8266FFE74F8}.Debug|Any CPU.ActiveCfg = Debug|Any CPU
		{E28E9D04-92D9-4DC9-9D45-E8266FFE74F8}.Debug|Any CPU.Build.0 = Debug|Any CPU
		{E28E9D04-92D9-4DC9-9D45-E8266FFE74F8}.Release|Any CPU.ActiveCfg = Release|Any CPU
		{E28E9D04-92D9-4DC9-9D45-E8266FFE74F8}.Release|Any CPU.Build.0 = Release|Any CPU
		{57EBFED5-46DC-4BC0-BF41-626BF5A1C124}.Debug|Any CPU.ActiveCfg = Debug|Any CPU
		{57EBFED5-46DC-4BC0-BF41-626BF5A1C124}.Debug|Any CPU.Build.0 = Debug|Any CPU
		{57EBFED5-46DC-4BC0-BF41-626BF5A1C124}.Release|Any CPU.ActiveCfg = Release|Any CPU
		{57EBFED5-46DC-4BC0-BF41-626BF5A1C124}.Release|Any CPU.Build.0 = Release|Any CPU
		{5864F0B4-5202-4480-A92E-37F3FD4915DB}.Debug|Any CPU.ActiveCfg = Debug|Any CPU
		{5864F0B4-5202-4480-A92E-37F3FD4915DB}.Debug|Any CPU.Build.0 = Debug|Any CPU
		{5864F0B4-5202-4480-A92E-37F3FD4915DB}.Release|Any CPU.ActiveCfg = Release|Any CPU
		{5864F0B4-5202-4480-A92E-37F3FD4915DB}.Release|Any CPU.Build.0 = Release|Any CPU
		{AFE87336-BC9A-4A66-9EA8-B1BA63C8E527}.Debug|Any CPU.ActiveCfg = Debug|Any CPU
		{AFE87336-BC9A-4A66-9EA8-B1BA63C8E527}.Debug|Any CPU.Build.0 = Debug|Any CPU
		{AFE87336-BC9A-4A66-9EA8-B1BA63C8E527}.Release|Any CPU.ActiveCfg = Release|Any CPU
		{AFE87336-BC9A-4A66-9EA8-B1BA63C8E527}.Release|Any CPU.Build.0 = Release|Any CPU
		{B4C8D5A4-0F72-43E8-92F9-A1BD8B78CF60}.Debug|Any CPU.ActiveCfg = Debug|Any CPU
		{B4C8D5A4-0F72-43E8-92F9-A1BD8B78CF60}.Debug|Any CPU.Build.0 = Debug|Any CPU
		{B4C8D5A4-0F72-43E8-92F9-A1BD8B78CF60}.Release|Any CPU.ActiveCfg = Release|Any CPU
		{B4C8D5A4-0F72-43E8-92F9-A1BD8B78CF60}.Release|Any CPU.Build.0 = Release|Any CPU
		{7AA97FE2-D5B2-43AF-9423-29A45EDE8EEB}.Debug|Any CPU.ActiveCfg = Debug|Any CPU
		{7AA97FE2-D5B2-43AF-9423-29A45EDE8EEB}.Debug|Any CPU.Build.0 = Debug|Any CPU
		{7AA97FE2-D5B2-43AF-9423-29A45EDE8EEB}.Release|Any CPU.ActiveCfg = Release|Any CPU
		{7AA97FE2-D5B2-43AF-9423-29A45EDE8EEB}.Release|Any CPU.Build.0 = Release|Any CPU
		{CCEB584C-4556-4BF9-B276-792D471A29BB}.Debug|Any CPU.ActiveCfg = Debug|Any CPU
		{CCEB584C-4556-4BF9-B276-792D471A29BB}.Debug|Any CPU.Build.0 = Debug|Any CPU
		{CCEB584C-4556-4BF9-B276-792D471A29BB}.Release|Any CPU.ActiveCfg = Release|Any CPU
		{CCEB584C-4556-4BF9-B276-792D471A29BB}.Release|Any CPU.Build.0 = Release|Any CPU
		{D83CC2FB-4C30-41ED-B386-032C2A35DE5A}.Debug|Any CPU.ActiveCfg = Debug|Any CPU
		{D83CC2FB-4C30-41ED-B386-032C2A35DE5A}.Debug|Any CPU.Build.0 = Debug|Any CPU
		{D83CC2FB-4C30-41ED-B386-032C2A35DE5A}.Release|Any CPU.ActiveCfg = Release|Any CPU
		{D83CC2FB-4C30-41ED-B386-032C2A35DE5A}.Release|Any CPU.Build.0 = Release|Any CPU
		{1CEBAC9B-E1D8-46A5-BAA0-A5427EAA062C}.Debug|Any CPU.ActiveCfg = Debug|Any CPU
		{1CEBAC9B-E1D8-46A5-BAA0-A5427EAA062C}.Debug|Any CPU.Build.0 = Debug|Any CPU
		{1CEBAC9B-E1D8-46A5-BAA0-A5427EAA062C}.Release|Any CPU.ActiveCfg = Release|Any CPU
		{1CEBAC9B-E1D8-46A5-BAA0-A5427EAA062C}.Release|Any CPU.Build.0 = Release|Any CPU
	EndGlobalSection
	GlobalSection(SolutionProperties) = preSolution
		HideSolutionNode = FALSE
	EndGlobalSection
	GlobalSection(ExtensibilityGlobals) = postSolution
		SolutionGuid = {2DE3A08A-5FB8-4455-9850-620399616405}
	EndGlobalSection
EndGlobal
